// !$*UTF8*$!
{
	archiveVersion = 1;
	classes = {
	};
	objectVersion = 51;
	objects = {

/* Begin PBXBuildFile section */
		1A8D4206ABC3A077E1A48F41 /* Pods_IamSnorlax.framework in Frameworks */ = {isa = PBXBuildFile; fileRef = E9D3C38B3ADA43AAD3A0A15D /* Pods_IamSnorlax.framework */; };
		BFC3AC572B6144E267FAB349 /* Pods_IamSnorlax_IamSnorlaxUITests.framework in Frameworks */ = {isa = PBXBuildFile; fileRef = FDB07A4C7C8EC42A79B1D888 /* Pods_IamSnorlax_IamSnorlaxUITests.framework */; };
		F10EDE73256A66430052D562 /* main.swift in Sources */ = {isa = PBXBuildFile; fileRef = F10EDE72256A66430052D562 /* main.swift */; };
		F10EDE78256A67120052D562 /* TestingAppDelegate.swift in Sources */ = {isa = PBXBuildFile; fileRef = F10EDE77256A67120052D562 /* TestingAppDelegate.swift */; };
		F10EDE83256A67380052D562 /* TestingSceneDelegate.swift in Sources */ = {isa = PBXBuildFile; fileRef = F10EDE82256A67380052D562 /* TestingSceneDelegate.swift */; };
		F10EDE8E256A67C90052D562 /* TestingRootViewController.swift in Sources */ = {isa = PBXBuildFile; fileRef = F10EDE8D256A67C90052D562 /* TestingRootViewController.swift */; };
		F11649262561213500AEBEFB /* Name.swift in Sources */ = {isa = PBXBuildFile; fileRef = F11649252561213500AEBEFB /* Name.swift */; };
		F11649322561219C00AEBEFB /* DataSet.swift in Sources */ = {isa = PBXBuildFile; fileRef = F11649312561219C00AEBEFB /* DataSet.swift */; };
		F116493B2561234D00AEBEFB /* List.swift in Sources */ = {isa = PBXBuildFile; fileRef = F116493A2561234D00AEBEFB /* List.swift */; };
		F1164941256125C400AEBEFB /* Description.swift in Sources */ = {isa = PBXBuildFile; fileRef = F1164940256125C400AEBEFB /* Description.swift */; };
		F11649462561262400AEBEFB /* PokemonEntry.swift in Sources */ = {isa = PBXBuildFile; fileRef = F11649452561262400AEBEFB /* PokemonEntry.swift */; };
		F116494C2561275800AEBEFB /* Sprites.swift in Sources */ = {isa = PBXBuildFile; fileRef = F116494B2561275800AEBEFB /* Sprites.swift */; };
		F1164957256129C700AEBEFB /* PokemonSpecie.swift in Sources */ = {isa = PBXBuildFile; fileRef = F1164956256129C700AEBEFB /* PokemonSpecie.swift */; };
		F116495C25612A8C00AEBEFB /* PokemonDescription.swift in Sources */ = {isa = PBXBuildFile; fileRef = F116495B25612A8C00AEBEFB /* PokemonDescription.swift */; };
		F11F77FA254740E1003F1F17 /* UIConstants.swift in Sources */ = {isa = PBXBuildFile; fileRef = F11F77F9254740DF003F1F17 /* UIConstants.swift */; };
		F11F781725474BB9003F1F17 /* UIView+Extensions.swift in Sources */ = {isa = PBXBuildFile; fileRef = F11F781625474BB9003F1F17 /* UIView+Extensions.swift */; };
		F11F7828254752FE003F1F17 /* PokemonList.storyboard in Resources */ = {isa = PBXBuildFile; fileRef = F11F7822254752FE003F1F17 /* PokemonList.storyboard */; };
		F11F7829254752FE003F1F17 /* PokemonListPresenter.swift in Sources */ = {isa = PBXBuildFile; fileRef = F11F7823254752FE003F1F17 /* PokemonListPresenter.swift */; };
		F11F782A254752FE003F1F17 /* PokemonListRouter.swift in Sources */ = {isa = PBXBuildFile; fileRef = F11F7824254752FE003F1F17 /* PokemonListRouter.swift */; };
		F11F782B254752FE003F1F17 /* PokemonListViewController.swift in Sources */ = {isa = PBXBuildFile; fileRef = F11F7825254752FE003F1F17 /* PokemonListViewController.swift */; };
		F11F782C254752FE003F1F17 /* PokemonListProtocols.swift in Sources */ = {isa = PBXBuildFile; fileRef = F11F7826254752FE003F1F17 /* PokemonListProtocols.swift */; };
		F11F782D254752FE003F1F17 /* PokemonListInteractor.swift in Sources */ = {isa = PBXBuildFile; fileRef = F11F7827254752FE003F1F17 /* PokemonListInteractor.swift */; };
		F1224E5B254B4F7A0031F028 /* Assets.xcassets in Resources */ = {isa = PBXBuildFile; fileRef = F1224E5A254B4F7A0031F028 /* Assets.xcassets */; };
		F1224E63254BE3E70031F028 /* Array+Extensions.swift in Sources */ = {isa = PBXBuildFile; fileRef = F1224E62254BE3E70031F028 /* Array+Extensions.swift */; };
		F1224E68254BE4C20031F028 /* Sequence+Extensions.swift in Sources */ = {isa = PBXBuildFile; fileRef = F1224E67254BE4C20031F028 /* Sequence+Extensions.swift */; };
		F14220FF25489B7C00B1F96D /* PokemonCell.swift in Sources */ = {isa = PBXBuildFile; fileRef = F14220FE25489B7C00B1F96D /* PokemonCell.swift */; };
		F14221042548A0FA00B1F96D /* UIImageView+Extensions.swift in Sources */ = {isa = PBXBuildFile; fileRef = F14221032548A0FA00B1F96D /* UIImageView+Extensions.swift */; };
		F14221092548A13900B1F96D /* ImageManager.swift in Sources */ = {isa = PBXBuildFile; fileRef = F14221082548A13900B1F96D /* ImageManager.swift */; };
		F14221BC2549EBEF00B1F96D /* I18n.swift in Sources */ = {isa = PBXBuildFile; fileRef = F14221BB2549EBEA00B1F96D /* I18n.swift */; };
		F14221C52549ECFC00B1F96D /* Localizable.strings in Resources */ = {isa = PBXBuildFile; fileRef = F14221C72549ECFC00B1F96D /* Localizable.strings */; };
		F14221E1254A1B6500B1F96D /* PokemonDetails.storyboard in Resources */ = {isa = PBXBuildFile; fileRef = F14221DB254A1B6500B1F96D /* PokemonDetails.storyboard */; };
		F14221E2254A1B6500B1F96D /* PokemonDetailsPresenter.swift in Sources */ = {isa = PBXBuildFile; fileRef = F14221DC254A1B6500B1F96D /* PokemonDetailsPresenter.swift */; };
		F14221E3254A1B6500B1F96D /* PokemonDetailsRouter.swift in Sources */ = {isa = PBXBuildFile; fileRef = F14221DD254A1B6500B1F96D /* PokemonDetailsRouter.swift */; };
		F14221E4254A1B6500B1F96D /* PokemonDetailsViewController.swift in Sources */ = {isa = PBXBuildFile; fileRef = F14221DE254A1B6500B1F96D /* PokemonDetailsViewController.swift */; };
		F14221E5254A1B6500B1F96D /* PokemonDetailsProtocols.swift in Sources */ = {isa = PBXBuildFile; fileRef = F14221DF254A1B6500B1F96D /* PokemonDetailsProtocols.swift */; };
		F14221E6254A1B6500B1F96D /* PokemonDetailsInteractor.swift in Sources */ = {isa = PBXBuildFile; fileRef = F14221E0254A1B6500B1F96D /* PokemonDetailsInteractor.swift */; };
		F14A21E02540A50000310A13 /* AppDelegate.swift in Sources */ = {isa = PBXBuildFile; fileRef = F14A21DF2540A50000310A13 /* AppDelegate.swift */; };
		F14A21E22540A50000310A13 /* SceneDelegate.swift in Sources */ = {isa = PBXBuildFile; fileRef = F14A21E12540A50000310A13 /* SceneDelegate.swift */; };
		F14A21EC2540A50200310A13 /* LaunchScreen.storyboard in Resources */ = {isa = PBXBuildFile; fileRef = F14A21EA2540A50200310A13 /* LaunchScreen.storyboard */; };
		F14A22022540A50300310A13 /* IamSnorlaxUITests.swift in Sources */ = {isa = PBXBuildFile; fileRef = F14A22012540A50300310A13 /* IamSnorlaxUITests.swift */; };
		F14A23072540ADF500310A13 /* BusinessConstants.swift in Sources */ = {isa = PBXBuildFile; fileRef = F14A23062540ADF500310A13 /* BusinessConstants.swift */; };
		F14A230F2540AE2D00310A13 /* String+Extensions.swift in Sources */ = {isa = PBXBuildFile; fileRef = F14A230E2540AE2D00310A13 /* String+Extensions.swift */; };
		F159DB6D25697F0200ABDAB9 /* GenerationRespositoryTest.swift in Sources */ = {isa = PBXBuildFile; fileRef = F159DB6C25697F0200ABDAB9 /* GenerationRespositoryTest.swift */; };
		F163CEE9254430B9000904EE /* VersionList.storyboard in Resources */ = {isa = PBXBuildFile; fileRef = F163CEE3254430B9000904EE /* VersionList.storyboard */; };
		F163CEEA254430B9000904EE /* VersionListPresenter.swift in Sources */ = {isa = PBXBuildFile; fileRef = F163CEE4254430B9000904EE /* VersionListPresenter.swift */; };
		F163CEEB254430B9000904EE /* VersionListRouter.swift in Sources */ = {isa = PBXBuildFile; fileRef = F163CEE5254430B9000904EE /* VersionListRouter.swift */; };
		F163CEEC254430B9000904EE /* VersionListViewController.swift in Sources */ = {isa = PBXBuildFile; fileRef = F163CEE6254430B9000904EE /* VersionListViewController.swift */; };
		F163CEED254430B9000904EE /* VersionListProtocols.swift in Sources */ = {isa = PBXBuildFile; fileRef = F163CEE7254430B9000904EE /* VersionListProtocols.swift */; };
		F163CEEE254430B9000904EE /* VersionListInteractor.swift in Sources */ = {isa = PBXBuildFile; fileRef = F163CEE8254430B9000904EE /* VersionListInteractor.swift */; };
		F16EB5F625415C1700FA27A6 /* GenerationList.storyboard in Resources */ = {isa = PBXBuildFile; fileRef = F16EB5F025415C1700FA27A6 /* GenerationList.storyboard */; };
		F16EB5F725415C1700FA27A6 /* GenerationListPresenter.swift in Sources */ = {isa = PBXBuildFile; fileRef = F16EB5F125415C1700FA27A6 /* GenerationListPresenter.swift */; };
		F16EB5F825415C1700FA27A6 /* GenerationListRouter.swift in Sources */ = {isa = PBXBuildFile; fileRef = F16EB5F225415C1700FA27A6 /* GenerationListRouter.swift */; };
		F16EB5F925415C1700FA27A6 /* GenerationListViewController.swift in Sources */ = {isa = PBXBuildFile; fileRef = F16EB5F325415C1700FA27A6 /* GenerationListViewController.swift */; };
		F16EB5FA25415C1700FA27A6 /* GenerationListProtocols.swift in Sources */ = {isa = PBXBuildFile; fileRef = F16EB5F425415C1700FA27A6 /* GenerationListProtocols.swift */; };
		F16EB5FB25415C1700FA27A6 /* GenerationListInteractor.swift in Sources */ = {isa = PBXBuildFile; fileRef = F16EB5F525415C1700FA27A6 /* GenerationListInteractor.swift */; };
		F16EB60C25415CB900FA27A6 /* StoryBoardManager.swift in Sources */ = {isa = PBXBuildFile; fileRef = F16EB60B25415CB900FA27A6 /* StoryBoardManager.swift */; };
		F16EB6112541D8AD00FA27A6 /* Version.swift in Sources */ = {isa = PBXBuildFile; fileRef = F16EB6102541D8AD00FA27A6 /* Version.swift */; };
		F16EB61B2541DB1A00FA27A6 /* Generation.swift in Sources */ = {isa = PBXBuildFile; fileRef = F16EB61A2541DB1A00FA27A6 /* Generation.swift */; };
		F16EB6252541DC6000FA27A6 /* Group.swift in Sources */ = {isa = PBXBuildFile; fileRef = F16EB6242541DC6000FA27A6 /* Group.swift */; };
		F16EB63C2541E31800FA27A6 /* Pokedex.swift in Sources */ = {isa = PBXBuildFile; fileRef = F16EB63B2541E31800FA27A6 /* Pokedex.swift */; };
		F16EB6412541E47C00FA27A6 /* Pokemon.swift in Sources */ = {isa = PBXBuildFile; fileRef = F16EB6402541E47C00FA27A6 /* Pokemon.swift */; };
		F16EB6832541E84200FA27A6 /* Log.swift in Sources */ = {isa = PBXBuildFile; fileRef = F16EB6822541E83500FA27A6 /* Log.swift */; };
		F16EB6F0254224FC00FA27A6 /* Api.swift in Sources */ = {isa = PBXBuildFile; fileRef = F16EB6EF2542249300FA27A6 /* Api.swift */; };
		F16EB6F52542252800FA27A6 /* ApiRestManager.swift in Sources */ = {isa = PBXBuildFile; fileRef = F16EB6F42542252800FA27A6 /* ApiRestManager.swift */; };
		F16EB7292542A5CE00FA27A6 /* GenerationRepository.swift in Sources */ = {isa = PBXBuildFile; fileRef = F16EB7282542A5CE00FA27A6 /* GenerationRepository.swift */; };
		F16EB7312542A6D000FA27A6 /* GenerationAssembler.swift in Sources */ = {isa = PBXBuildFile; fileRef = F16EB7302542A6D000FA27A6 /* GenerationAssembler.swift */; };
		F16EB7362542A71200FA27A6 /* ApiManager.swift in Sources */ = {isa = PBXBuildFile; fileRef = F16EB7352542A71200FA27A6 /* ApiManager.swift */; };
		F16EB73C2542A7EB00FA27A6 /* VersionRepository.swift in Sources */ = {isa = PBXBuildFile; fileRef = F16EB73B2542A7EB00FA27A6 /* VersionRepository.swift */; };
		F16EB7412542A7F600FA27A6 /* VersionAssembler.swift in Sources */ = {isa = PBXBuildFile; fileRef = F16EB7402542A7F500FA27A6 /* VersionAssembler.swift */; };
		F16EB7462542A83D00FA27A6 /* GroupRepository.swift in Sources */ = {isa = PBXBuildFile; fileRef = F16EB7452542A83D00FA27A6 /* GroupRepository.swift */; };
		F16EB7512542A85000FA27A6 /* GroupAssembler.swift in Sources */ = {isa = PBXBuildFile; fileRef = F16EB7502542A85000FA27A6 /* GroupAssembler.swift */; };
		F16EB7562542A85B00FA27A6 /* PokedexRepository.swift in Sources */ = {isa = PBXBuildFile; fileRef = F16EB7552542A85B00FA27A6 /* PokedexRepository.swift */; };
		F16EB75B2542A86800FA27A6 /* PokedexAssembler.swift in Sources */ = {isa = PBXBuildFile; fileRef = F16EB75A2542A86800FA27A6 /* PokedexAssembler.swift */; };
		F16EB7602542A87500FA27A6 /* PokemonRepository.swift in Sources */ = {isa = PBXBuildFile; fileRef = F16EB75F2542A87500FA27A6 /* PokemonRepository.swift */; };
		F16EB7652542A88000FA27A6 /* PokemonAssembler.swift in Sources */ = {isa = PBXBuildFile; fileRef = F16EB7642542A88000FA27A6 /* PokemonAssembler.swift */; };
		F18B56F32545A0380057A61D /* GenerationCell.swift in Sources */ = {isa = PBXBuildFile; fileRef = F18B56F22545A0370057A61D /* GenerationCell.swift */; };
		F18B570F2546B3EE0057A61D /* pokemon-font.ttf in Resources */ = {isa = PBXBuildFile; fileRef = F18B570E2546B3EE0057A61D /* pokemon-font.ttf */; };
		F18B572625473E180057A61D /* VersionCell.swift in Sources */ = {isa = PBXBuildFile; fileRef = F18B572525473E180057A61D /* VersionCell.swift */; };
		F1D3026225432608000F3283 /* Resource.swift in Sources */ = {isa = PBXBuildFile; fileRef = F16EB73A2542A77300FA27A6 /* Resource.swift */; };
		F1ECBB972569E024008C187D /* GeneratedMocks.swift in Sources */ = {isa = PBXBuildFile; fileRef = F1ECBB962569E024008C187D /* GeneratedMocks.swift */; };
		F1ECBBA92569E75F008C187D /* GenerationListInteractorTest.swift in Sources */ = {isa = PBXBuildFile; fileRef = F1ECBBA82569E75F008C187D /* GenerationListInteractorTest.swift */; };
		F1ECBBAE2569E773008C187D /* GenerationListPresenterTest.swift in Sources */ = {isa = PBXBuildFile; fileRef = F1ECBBAD2569E773008C187D /* GenerationListPresenterTest.swift */; };
		F1ECBBB32569E787008C187D /* GenerationListRouterTest.swift in Sources */ = {isa = PBXBuildFile; fileRef = F1ECBBB22569E787008C187D /* GenerationListRouterTest.swift */; };
		F1FB82E5254AA2D900F34319 /* PokemonStat.swift in Sources */ = {isa = PBXBuildFile; fileRef = F1FB82E4254AA2D900F34319 /* PokemonStat.swift */; };
		F8BECAD3C5937C4FF54EE907 /* Pods_IamSnorlaxTests.framework in Frameworks */ = {isa = PBXBuildFile; fileRef = F79CB9DCE15B4DF3857C8886 /* Pods_IamSnorlaxTests.framework */; };
/* End PBXBuildFile section */

/* Begin PBXContainerItemProxy section */
		F14A21F32540A50200310A13 /* PBXContainerItemProxy */ = {
			isa = PBXContainerItemProxy;
			containerPortal = F14A21D42540A50000310A13 /* Project object */;
			proxyType = 1;
			remoteGlobalIDString = F14A21DB2540A50000310A13;
			remoteInfo = IamSnorlax;
		};
		F14A21FE2540A50300310A13 /* PBXContainerItemProxy */ = {
			isa = PBXContainerItemProxy;
			containerPortal = F14A21D42540A50000310A13 /* Project object */;
			proxyType = 1;
			remoteGlobalIDString = F14A21DB2540A50000310A13;
			remoteInfo = IamSnorlax;
		};
/* End PBXContainerItemProxy section */

/* Begin PBXFileReference section */
		1A86FF2CDFD77A91859AF61D /* Pods-IamSnorlaxTests.release.xcconfig */ = {isa = PBXFileReference; includeInIndex = 1; lastKnownFileType = text.xcconfig; name = "Pods-IamSnorlaxTests.release.xcconfig"; path = "Target Support Files/Pods-IamSnorlaxTests/Pods-IamSnorlaxTests.release.xcconfig"; sourceTree = "<group>"; };
		42EEE815961E81FA0329E66A /* Pods-IamSnorlax-IamSnorlaxUITests.release.xcconfig */ = {isa = PBXFileReference; includeInIndex = 1; lastKnownFileType = text.xcconfig; name = "Pods-IamSnorlax-IamSnorlaxUITests.release.xcconfig"; path = "Target Support Files/Pods-IamSnorlax-IamSnorlaxUITests/Pods-IamSnorlax-IamSnorlaxUITests.release.xcconfig"; sourceTree = "<group>"; };
		5A3B419B10D53C2571E599C0 /* Pods-IamSnorlax.release.xcconfig */ = {isa = PBXFileReference; includeInIndex = 1; lastKnownFileType = text.xcconfig; name = "Pods-IamSnorlax.release.xcconfig"; path = "Target Support Files/Pods-IamSnorlax/Pods-IamSnorlax.release.xcconfig"; sourceTree = "<group>"; };
		9C937483082C0D494FBB83C1 /* Pods-IamSnorlax-IamSnorlaxUITests.debug.xcconfig */ = {isa = PBXFileReference; includeInIndex = 1; lastKnownFileType = text.xcconfig; name = "Pods-IamSnorlax-IamSnorlaxUITests.debug.xcconfig"; path = "Target Support Files/Pods-IamSnorlax-IamSnorlaxUITests/Pods-IamSnorlax-IamSnorlaxUITests.debug.xcconfig"; sourceTree = "<group>"; };
		D9E33E3C6ED4891A3CB652E6 /* Pods-IamSnorlax.debug.xcconfig */ = {isa = PBXFileReference; includeInIndex = 1; lastKnownFileType = text.xcconfig; name = "Pods-IamSnorlax.debug.xcconfig"; path = "Target Support Files/Pods-IamSnorlax/Pods-IamSnorlax.debug.xcconfig"; sourceTree = "<group>"; };
		DBEA2F43F28431B5A2A8C9C2 /* Pods-IamSnorlaxTests.debug.xcconfig */ = {isa = PBXFileReference; includeInIndex = 1; lastKnownFileType = text.xcconfig; name = "Pods-IamSnorlaxTests.debug.xcconfig"; path = "Target Support Files/Pods-IamSnorlaxTests/Pods-IamSnorlaxTests.debug.xcconfig"; sourceTree = "<group>"; };
		E9D3C38B3ADA43AAD3A0A15D /* Pods_IamSnorlax.framework */ = {isa = PBXFileReference; explicitFileType = wrapper.framework; includeInIndex = 0; path = Pods_IamSnorlax.framework; sourceTree = BUILT_PRODUCTS_DIR; };
		F10EDE72256A66430052D562 /* main.swift */ = {isa = PBXFileReference; lastKnownFileType = sourcecode.swift; path = main.swift; sourceTree = "<group>"; };
		F10EDE77256A67120052D562 /* TestingAppDelegate.swift */ = {isa = PBXFileReference; lastKnownFileType = sourcecode.swift; path = TestingAppDelegate.swift; sourceTree = "<group>"; };
		F10EDE82256A67380052D562 /* TestingSceneDelegate.swift */ = {isa = PBXFileReference; lastKnownFileType = sourcecode.swift; path = TestingSceneDelegate.swift; sourceTree = "<group>"; };
		F10EDE8D256A67C90052D562 /* TestingRootViewController.swift */ = {isa = PBXFileReference; lastKnownFileType = sourcecode.swift; path = TestingRootViewController.swift; sourceTree = "<group>"; };
		F11649252561213500AEBEFB /* Name.swift */ = {isa = PBXFileReference; lastKnownFileType = sourcecode.swift; path = Name.swift; sourceTree = "<group>"; };
		F11649312561219C00AEBEFB /* DataSet.swift */ = {isa = PBXFileReference; lastKnownFileType = sourcecode.swift; path = DataSet.swift; sourceTree = "<group>"; };
		F116493A2561234D00AEBEFB /* List.swift */ = {isa = PBXFileReference; lastKnownFileType = sourcecode.swift; path = List.swift; sourceTree = "<group>"; };
		F1164940256125C400AEBEFB /* Description.swift */ = {isa = PBXFileReference; lastKnownFileType = sourcecode.swift; path = Description.swift; sourceTree = "<group>"; };
		F11649452561262400AEBEFB /* PokemonEntry.swift */ = {isa = PBXFileReference; lastKnownFileType = sourcecode.swift; path = PokemonEntry.swift; sourceTree = "<group>"; };
		F116494B2561275800AEBEFB /* Sprites.swift */ = {isa = PBXFileReference; lastKnownFileType = sourcecode.swift; path = Sprites.swift; sourceTree = "<group>"; };
		F1164956256129C700AEBEFB /* PokemonSpecie.swift */ = {isa = PBXFileReference; lastKnownFileType = sourcecode.swift; path = PokemonSpecie.swift; sourceTree = "<group>"; };
		F116495B25612A8C00AEBEFB /* PokemonDescription.swift */ = {isa = PBXFileReference; lastKnownFileType = sourcecode.swift; path = PokemonDescription.swift; sourceTree = "<group>"; };
		F11F77F9254740DF003F1F17 /* UIConstants.swift */ = {isa = PBXFileReference; lastKnownFileType = sourcecode.swift; path = UIConstants.swift; sourceTree = "<group>"; };
		F11F781625474BB9003F1F17 /* UIView+Extensions.swift */ = {isa = PBXFileReference; lastKnownFileType = sourcecode.swift; path = "UIView+Extensions.swift"; sourceTree = "<group>"; };
		F11F7822254752FE003F1F17 /* PokemonList.storyboard */ = {isa = PBXFileReference; lastKnownFileType = file.storyboard; path = PokemonList.storyboard; sourceTree = "<group>"; };
		F11F7823254752FE003F1F17 /* PokemonListPresenter.swift */ = {isa = PBXFileReference; lastKnownFileType = sourcecode.swift; path = PokemonListPresenter.swift; sourceTree = "<group>"; };
		F11F7824254752FE003F1F17 /* PokemonListRouter.swift */ = {isa = PBXFileReference; lastKnownFileType = sourcecode.swift; path = PokemonListRouter.swift; sourceTree = "<group>"; };
		F11F7825254752FE003F1F17 /* PokemonListViewController.swift */ = {isa = PBXFileReference; lastKnownFileType = sourcecode.swift; path = PokemonListViewController.swift; sourceTree = "<group>"; };
		F11F7826254752FE003F1F17 /* PokemonListProtocols.swift */ = {isa = PBXFileReference; lastKnownFileType = sourcecode.swift; path = PokemonListProtocols.swift; sourceTree = "<group>"; };
		F11F7827254752FE003F1F17 /* PokemonListInteractor.swift */ = {isa = PBXFileReference; lastKnownFileType = sourcecode.swift; path = PokemonListInteractor.swift; sourceTree = "<group>"; };
		F1224E5A254B4F7A0031F028 /* Assets.xcassets */ = {isa = PBXFileReference; lastKnownFileType = folder.assetcatalog; path = Assets.xcassets; sourceTree = "<group>"; };
		F1224E62254BE3E70031F028 /* Array+Extensions.swift */ = {isa = PBXFileReference; lastKnownFileType = sourcecode.swift; path = "Array+Extensions.swift"; sourceTree = "<group>"; };
		F1224E67254BE4C20031F028 /* Sequence+Extensions.swift */ = {isa = PBXFileReference; lastKnownFileType = sourcecode.swift; path = "Sequence+Extensions.swift"; sourceTree = "<group>"; };
		F14220FE25489B7C00B1F96D /* PokemonCell.swift */ = {isa = PBXFileReference; lastKnownFileType = sourcecode.swift; path = PokemonCell.swift; sourceTree = "<group>"; };
		F14221032548A0FA00B1F96D /* UIImageView+Extensions.swift */ = {isa = PBXFileReference; lastKnownFileType = sourcecode.swift; path = "UIImageView+Extensions.swift"; sourceTree = "<group>"; };
		F14221082548A13900B1F96D /* ImageManager.swift */ = {isa = PBXFileReference; fileEncoding = 4; lastKnownFileType = sourcecode.swift; path = ImageManager.swift; sourceTree = "<group>"; };
		F14221BB2549EBEA00B1F96D /* I18n.swift */ = {isa = PBXFileReference; lastKnownFileType = sourcecode.swift; path = I18n.swift; sourceTree = "<group>"; };
		F14221C82549ED0B00B1F96D /* es */ = {isa = PBXFileReference; lastKnownFileType = text.plist.strings; name = es; path = es.lproj/Localizable.strings; sourceTree = "<group>"; };
		F14221D72549EDF400B1F96D /* en */ = {isa = PBXFileReference; lastKnownFileType = text.plist.strings; name = en; path = en.lproj/Localizable.strings; sourceTree = "<group>"; };
		F14221DB254A1B6500B1F96D /* PokemonDetails.storyboard */ = {isa = PBXFileReference; lastKnownFileType = file.storyboard; path = PokemonDetails.storyboard; sourceTree = "<group>"; };
		F14221DC254A1B6500B1F96D /* PokemonDetailsPresenter.swift */ = {isa = PBXFileReference; lastKnownFileType = sourcecode.swift; path = PokemonDetailsPresenter.swift; sourceTree = "<group>"; };
		F14221DD254A1B6500B1F96D /* PokemonDetailsRouter.swift */ = {isa = PBXFileReference; lastKnownFileType = sourcecode.swift; path = PokemonDetailsRouter.swift; sourceTree = "<group>"; };
		F14221DE254A1B6500B1F96D /* PokemonDetailsViewController.swift */ = {isa = PBXFileReference; lastKnownFileType = sourcecode.swift; path = PokemonDetailsViewController.swift; sourceTree = "<group>"; };
		F14221DF254A1B6500B1F96D /* PokemonDetailsProtocols.swift */ = {isa = PBXFileReference; lastKnownFileType = sourcecode.swift; path = PokemonDetailsProtocols.swift; sourceTree = "<group>"; };
		F14221E0254A1B6500B1F96D /* PokemonDetailsInteractor.swift */ = {isa = PBXFileReference; lastKnownFileType = sourcecode.swift; path = PokemonDetailsInteractor.swift; sourceTree = "<group>"; };
		F14A21DC2540A50000310A13 /* IamSnorlax.app */ = {isa = PBXFileReference; explicitFileType = wrapper.application; includeInIndex = 0; path = IamSnorlax.app; sourceTree = BUILT_PRODUCTS_DIR; };
		F14A21DF2540A50000310A13 /* AppDelegate.swift */ = {isa = PBXFileReference; lastKnownFileType = sourcecode.swift; path = AppDelegate.swift; sourceTree = "<group>"; };
		F14A21E12540A50000310A13 /* SceneDelegate.swift */ = {isa = PBXFileReference; lastKnownFileType = sourcecode.swift; path = SceneDelegate.swift; sourceTree = "<group>"; };
		F14A21EB2540A50200310A13 /* Base */ = {isa = PBXFileReference; lastKnownFileType = file.storyboard; name = Base; path = Base.lproj/LaunchScreen.storyboard; sourceTree = "<group>"; };
		F14A21ED2540A50200310A13 /* Info.plist */ = {isa = PBXFileReference; lastKnownFileType = text.plist.xml; path = Info.plist; sourceTree = "<group>"; };
		F14A21F22540A50200310A13 /* IamSnorlaxTests.xctest */ = {isa = PBXFileReference; explicitFileType = wrapper.cfbundle; includeInIndex = 0; path = IamSnorlaxTests.xctest; sourceTree = BUILT_PRODUCTS_DIR; };
		F14A21F82540A50200310A13 /* Info.plist */ = {isa = PBXFileReference; lastKnownFileType = text.plist.xml; path = Info.plist; sourceTree = "<group>"; };
		F14A21FD2540A50300310A13 /* IamSnorlaxUITests.xctest */ = {isa = PBXFileReference; explicitFileType = wrapper.cfbundle; includeInIndex = 0; path = IamSnorlaxUITests.xctest; sourceTree = BUILT_PRODUCTS_DIR; };
		F14A22012540A50300310A13 /* IamSnorlaxUITests.swift */ = {isa = PBXFileReference; lastKnownFileType = sourcecode.swift; path = IamSnorlaxUITests.swift; sourceTree = "<group>"; };
		F14A22032540A50300310A13 /* Info.plist */ = {isa = PBXFileReference; lastKnownFileType = text.plist.xml; path = Info.plist; sourceTree = "<group>"; };
		F14A23062540ADF500310A13 /* BusinessConstants.swift */ = {isa = PBXFileReference; lastKnownFileType = sourcecode.swift; path = BusinessConstants.swift; sourceTree = "<group>"; };
		F14A230E2540AE2D00310A13 /* String+Extensions.swift */ = {isa = PBXFileReference; lastKnownFileType = sourcecode.swift; path = "String+Extensions.swift"; sourceTree = "<group>"; };
		F159DB6C25697F0200ABDAB9 /* GenerationRespositoryTest.swift */ = {isa = PBXFileReference; lastKnownFileType = sourcecode.swift; path = GenerationRespositoryTest.swift; sourceTree = "<group>"; };
		F163CEE3254430B9000904EE /* VersionList.storyboard */ = {isa = PBXFileReference; lastKnownFileType = file.storyboard; path = VersionList.storyboard; sourceTree = "<group>"; };
		F163CEE4254430B9000904EE /* VersionListPresenter.swift */ = {isa = PBXFileReference; lastKnownFileType = sourcecode.swift; path = VersionListPresenter.swift; sourceTree = "<group>"; };
		F163CEE5254430B9000904EE /* VersionListRouter.swift */ = {isa = PBXFileReference; lastKnownFileType = sourcecode.swift; path = VersionListRouter.swift; sourceTree = "<group>"; };
		F163CEE6254430B9000904EE /* VersionListViewController.swift */ = {isa = PBXFileReference; lastKnownFileType = sourcecode.swift; path = VersionListViewController.swift; sourceTree = "<group>"; };
		F163CEE7254430B9000904EE /* VersionListProtocols.swift */ = {isa = PBXFileReference; lastKnownFileType = sourcecode.swift; path = VersionListProtocols.swift; sourceTree = "<group>"; };
		F163CEE8254430B9000904EE /* VersionListInteractor.swift */ = {isa = PBXFileReference; lastKnownFileType = sourcecode.swift; path = VersionListInteractor.swift; sourceTree = "<group>"; };
		F16EB5F025415C1700FA27A6 /* GenerationList.storyboard */ = {isa = PBXFileReference; lastKnownFileType = file.storyboard; path = GenerationList.storyboard; sourceTree = "<group>"; };
		F16EB5F125415C1700FA27A6 /* GenerationListPresenter.swift */ = {isa = PBXFileReference; lastKnownFileType = sourcecode.swift; path = GenerationListPresenter.swift; sourceTree = "<group>"; };
		F16EB5F225415C1700FA27A6 /* GenerationListRouter.swift */ = {isa = PBXFileReference; lastKnownFileType = sourcecode.swift; path = GenerationListRouter.swift; sourceTree = "<group>"; };
		F16EB5F325415C1700FA27A6 /* GenerationListViewController.swift */ = {isa = PBXFileReference; lastKnownFileType = sourcecode.swift; path = GenerationListViewController.swift; sourceTree = "<group>"; };
		F16EB5F425415C1700FA27A6 /* GenerationListProtocols.swift */ = {isa = PBXFileReference; lastKnownFileType = sourcecode.swift; path = GenerationListProtocols.swift; sourceTree = "<group>"; };
		F16EB5F525415C1700FA27A6 /* GenerationListInteractor.swift */ = {isa = PBXFileReference; lastKnownFileType = sourcecode.swift; path = GenerationListInteractor.swift; sourceTree = "<group>"; };
		F16EB60B25415CB900FA27A6 /* StoryBoardManager.swift */ = {isa = PBXFileReference; lastKnownFileType = sourcecode.swift; path = StoryBoardManager.swift; sourceTree = "<group>"; };
		F16EB6102541D8AD00FA27A6 /* Version.swift */ = {isa = PBXFileReference; lastKnownFileType = sourcecode.swift; path = Version.swift; sourceTree = "<group>"; };
		F16EB61A2541DB1A00FA27A6 /* Generation.swift */ = {isa = PBXFileReference; lastKnownFileType = sourcecode.swift; path = Generation.swift; sourceTree = "<group>"; };
		F16EB6242541DC6000FA27A6 /* Group.swift */ = {isa = PBXFileReference; lastKnownFileType = sourcecode.swift; path = Group.swift; sourceTree = "<group>"; };
		F16EB63B2541E31800FA27A6 /* Pokedex.swift */ = {isa = PBXFileReference; lastKnownFileType = sourcecode.swift; path = Pokedex.swift; sourceTree = "<group>"; };
		F16EB6402541E47C00FA27A6 /* Pokemon.swift */ = {isa = PBXFileReference; lastKnownFileType = sourcecode.swift; path = Pokemon.swift; sourceTree = "<group>"; };
		F16EB6822541E83500FA27A6 /* Log.swift */ = {isa = PBXFileReference; lastKnownFileType = sourcecode.swift; path = Log.swift; sourceTree = "<group>"; };
		F16EB6EF2542249300FA27A6 /* Api.swift */ = {isa = PBXFileReference; lastKnownFileType = sourcecode.swift; path = Api.swift; sourceTree = "<group>"; };
		F16EB6F42542252800FA27A6 /* ApiRestManager.swift */ = {isa = PBXFileReference; lastKnownFileType = sourcecode.swift; path = ApiRestManager.swift; sourceTree = "<group>"; };
		F16EB7282542A5CE00FA27A6 /* GenerationRepository.swift */ = {isa = PBXFileReference; lastKnownFileType = sourcecode.swift; path = GenerationRepository.swift; sourceTree = "<group>"; };
		F16EB7302542A6D000FA27A6 /* GenerationAssembler.swift */ = {isa = PBXFileReference; lastKnownFileType = sourcecode.swift; path = GenerationAssembler.swift; sourceTree = "<group>"; };
		F16EB7352542A71200FA27A6 /* ApiManager.swift */ = {isa = PBXFileReference; lastKnownFileType = sourcecode.swift; path = ApiManager.swift; sourceTree = "<group>"; };
		F16EB73A2542A77300FA27A6 /* Resource.swift */ = {isa = PBXFileReference; lastKnownFileType = sourcecode.swift; path = Resource.swift; sourceTree = "<group>"; };
		F16EB73B2542A7EB00FA27A6 /* VersionRepository.swift */ = {isa = PBXFileReference; lastKnownFileType = sourcecode.swift; path = VersionRepository.swift; sourceTree = "<group>"; };
		F16EB7402542A7F500FA27A6 /* VersionAssembler.swift */ = {isa = PBXFileReference; lastKnownFileType = sourcecode.swift; path = VersionAssembler.swift; sourceTree = "<group>"; };
		F16EB7452542A83D00FA27A6 /* GroupRepository.swift */ = {isa = PBXFileReference; lastKnownFileType = sourcecode.swift; path = GroupRepository.swift; sourceTree = "<group>"; };
		F16EB7502542A85000FA27A6 /* GroupAssembler.swift */ = {isa = PBXFileReference; lastKnownFileType = sourcecode.swift; path = GroupAssembler.swift; sourceTree = "<group>"; };
		F16EB7552542A85B00FA27A6 /* PokedexRepository.swift */ = {isa = PBXFileReference; lastKnownFileType = sourcecode.swift; path = PokedexRepository.swift; sourceTree = "<group>"; };
		F16EB75A2542A86800FA27A6 /* PokedexAssembler.swift */ = {isa = PBXFileReference; lastKnownFileType = sourcecode.swift; path = PokedexAssembler.swift; sourceTree = "<group>"; };
		F16EB75F2542A87500FA27A6 /* PokemonRepository.swift */ = {isa = PBXFileReference; lastKnownFileType = sourcecode.swift; path = PokemonRepository.swift; sourceTree = "<group>"; };
		F16EB7642542A88000FA27A6 /* PokemonAssembler.swift */ = {isa = PBXFileReference; lastKnownFileType = sourcecode.swift; path = PokemonAssembler.swift; sourceTree = "<group>"; };
		F18B56F22545A0370057A61D /* GenerationCell.swift */ = {isa = PBXFileReference; lastKnownFileType = sourcecode.swift; path = GenerationCell.swift; sourceTree = "<group>"; };
		F18B570E2546B3EE0057A61D /* pokemon-font.ttf */ = {isa = PBXFileReference; lastKnownFileType = file; path = "pokemon-font.ttf"; sourceTree = "<group>"; };
		F18B572525473E180057A61D /* VersionCell.swift */ = {isa = PBXFileReference; lastKnownFileType = sourcecode.swift; path = VersionCell.swift; sourceTree = "<group>"; };
		F1ECBB962569E024008C187D /* GeneratedMocks.swift */ = {isa = PBXFileReference; fileEncoding = 4; lastKnownFileType = sourcecode.swift; path = GeneratedMocks.swift; sourceTree = "<group>"; };
		F1ECBBA82569E75F008C187D /* GenerationListInteractorTest.swift */ = {isa = PBXFileReference; lastKnownFileType = sourcecode.swift; path = GenerationListInteractorTest.swift; sourceTree = "<group>"; };
		F1ECBBAD2569E773008C187D /* GenerationListPresenterTest.swift */ = {isa = PBXFileReference; lastKnownFileType = sourcecode.swift; path = GenerationListPresenterTest.swift; sourceTree = "<group>"; };
		F1ECBBB22569E787008C187D /* GenerationListRouterTest.swift */ = {isa = PBXFileReference; lastKnownFileType = sourcecode.swift; path = GenerationListRouterTest.swift; sourceTree = "<group>"; };
		F1FB82E4254AA2D900F34319 /* PokemonStat.swift */ = {isa = PBXFileReference; lastKnownFileType = sourcecode.swift; path = PokemonStat.swift; sourceTree = "<group>"; };
		F79CB9DCE15B4DF3857C8886 /* Pods_IamSnorlaxTests.framework */ = {isa = PBXFileReference; explicitFileType = wrapper.framework; includeInIndex = 0; path = Pods_IamSnorlaxTests.framework; sourceTree = BUILT_PRODUCTS_DIR; };
		FDB07A4C7C8EC42A79B1D888 /* Pods_IamSnorlax_IamSnorlaxUITests.framework */ = {isa = PBXFileReference; explicitFileType = wrapper.framework; includeInIndex = 0; path = Pods_IamSnorlax_IamSnorlaxUITests.framework; sourceTree = BUILT_PRODUCTS_DIR; };
/* End PBXFileReference section */

/* Begin PBXFrameworksBuildPhase section */
		F14A21D92540A50000310A13 /* Frameworks */ = {
			isa = PBXFrameworksBuildPhase;
			buildActionMask = 2147483647;
			files = (
				1A8D4206ABC3A077E1A48F41 /* Pods_IamSnorlax.framework in Frameworks */,
			);
			runOnlyForDeploymentPostprocessing = 0;
		};
		F14A21EF2540A50200310A13 /* Frameworks */ = {
			isa = PBXFrameworksBuildPhase;
			buildActionMask = 2147483647;
			files = (
				F8BECAD3C5937C4FF54EE907 /* Pods_IamSnorlaxTests.framework in Frameworks */,
			);
			runOnlyForDeploymentPostprocessing = 0;
		};
		F14A21FA2540A50300310A13 /* Frameworks */ = {
			isa = PBXFrameworksBuildPhase;
			buildActionMask = 2147483647;
			files = (
				BFC3AC572B6144E267FAB349 /* Pods_IamSnorlax_IamSnorlaxUITests.framework in Frameworks */,
			);
			runOnlyForDeploymentPostprocessing = 0;
		};
/* End PBXFrameworksBuildPhase section */

/* Begin PBXGroup section */
		8C083F95DDFE4D253100EF27 /* Pods */ = {
			isa = PBXGroup;
			children = (
				D9E33E3C6ED4891A3CB652E6 /* Pods-IamSnorlax.debug.xcconfig */,
				5A3B419B10D53C2571E599C0 /* Pods-IamSnorlax.release.xcconfig */,
				9C937483082C0D494FBB83C1 /* Pods-IamSnorlax-IamSnorlaxUITests.debug.xcconfig */,
				42EEE815961E81FA0329E66A /* Pods-IamSnorlax-IamSnorlaxUITests.release.xcconfig */,
				DBEA2F43F28431B5A2A8C9C2 /* Pods-IamSnorlaxTests.debug.xcconfig */,
				1A86FF2CDFD77A91859AF61D /* Pods-IamSnorlaxTests.release.xcconfig */,
			);
			path = Pods;
			sourceTree = "<group>";
		};
		F11649242561212200AEBEFB /* names */ = {
			isa = PBXGroup;
			children = (
				F11649252561213500AEBEFB /* Name.swift */,
			);
			path = names;
			sourceTree = "<group>";
		};
		F11649302561219400AEBEFB /* dataset */ = {
			isa = PBXGroup;
			children = (
				F11649312561219C00AEBEFB /* DataSet.swift */,
			);
			path = dataset;
			sourceTree = "<group>";
		};
		F11649392561234200AEBEFB /* list */ = {
			isa = PBXGroup;
			children = (
				F116493A2561234D00AEBEFB /* List.swift */,
			);
			path = list;
			sourceTree = "<group>";
		};
		F116493F256125B900AEBEFB /* descriptions */ = {
			isa = PBXGroup;
			children = (
				F1164940256125C400AEBEFB /* Description.swift */,
			);
			path = descriptions;
			sourceTree = "<group>";
		};
		F116494A2561275200AEBEFB /* sprites */ = {
			isa = PBXGroup;
			children = (
				F116494B2561275800AEBEFB /* Sprites.swift */,
			);
			path = sprites;
			sourceTree = "<group>";
		};
		F11F781B254752B9003F1F17 /* pokemonList */ = {
			isa = PBXGroup;
			children = (
				F11F7821254752DB003F1F17 /* router */,
				F11F7820254752D7003F1F17 /* presenter */,
				F11F781F254752D3003F1F17 /* interactor */,
				F11F781E254752CF003F1F17 /* view */,
				F11F781D254752CA003F1F17 /* wireframe */,
				F11F781C254752BD003F1F17 /* protocols */,
			);
			path = pokemonList;
			sourceTree = "<group>";
		};
		F11F781C254752BD003F1F17 /* protocols */ = {
			isa = PBXGroup;
			children = (
				F11F7826254752FE003F1F17 /* PokemonListProtocols.swift */,
			);
			path = protocols;
			sourceTree = "<group>";
		};
		F11F781D254752CA003F1F17 /* wireframe */ = {
			isa = PBXGroup;
			children = (
				F11F7822254752FE003F1F17 /* PokemonList.storyboard */,
			);
			path = wireframe;
			sourceTree = "<group>";
		};
		F11F781E254752CF003F1F17 /* view */ = {
			isa = PBXGroup;
			children = (
				F11F7825254752FE003F1F17 /* PokemonListViewController.swift */,
				F14220FE25489B7C00B1F96D /* PokemonCell.swift */,
			);
			path = view;
			sourceTree = "<group>";
		};
		F11F781F254752D3003F1F17 /* interactor */ = {
			isa = PBXGroup;
			children = (
				F11F7827254752FE003F1F17 /* PokemonListInteractor.swift */,
			);
			path = interactor;
			sourceTree = "<group>";
		};
		F11F7820254752D7003F1F17 /* presenter */ = {
			isa = PBXGroup;
			children = (
				F11F7823254752FE003F1F17 /* PokemonListPresenter.swift */,
			);
			path = presenter;
			sourceTree = "<group>";
		};
		F11F7821254752DB003F1F17 /* router */ = {
			isa = PBXGroup;
			children = (
				F11F7824254752FE003F1F17 /* PokemonListRouter.swift */,
			);
			path = router;
			sourceTree = "<group>";
		};
		F14221B12549E9E300B1F96D /* pokemonDetails */ = {
			isa = PBXGroup;
			children = (
				F14221B72549EA0500B1F96D /* router */,
				F14221B62549EA0100B1F96D /* presenter */,
				F14221B52549E9FD00B1F96D /* interactor */,
				F14221B42549E9F400B1F96D /* view */,
				F14221B32549E9EF00B1F96D /* wireframe */,
				F14221B22549E9E900B1F96D /* protocols */,
			);
			path = pokemonDetails;
			sourceTree = "<group>";
		};
		F14221B22549E9E900B1F96D /* protocols */ = {
			isa = PBXGroup;
			children = (
				F14221DF254A1B6500B1F96D /* PokemonDetailsProtocols.swift */,
			);
			path = protocols;
			sourceTree = "<group>";
		};
		F14221B32549E9EF00B1F96D /* wireframe */ = {
			isa = PBXGroup;
			children = (
				F14221DB254A1B6500B1F96D /* PokemonDetails.storyboard */,
			);
			path = wireframe;
			sourceTree = "<group>";
		};
		F14221B42549E9F400B1F96D /* view */ = {
			isa = PBXGroup;
			children = (
				F14221DE254A1B6500B1F96D /* PokemonDetailsViewController.swift */,
			);
			path = view;
			sourceTree = "<group>";
		};
		F14221B52549E9FD00B1F96D /* interactor */ = {
			isa = PBXGroup;
			children = (
				F14221E0254A1B6500B1F96D /* PokemonDetailsInteractor.swift */,
			);
			path = interactor;
			sourceTree = "<group>";
		};
		F14221B62549EA0100B1F96D /* presenter */ = {
			isa = PBXGroup;
			children = (
				F14221DC254A1B6500B1F96D /* PokemonDetailsPresenter.swift */,
			);
			path = presenter;
			sourceTree = "<group>";
		};
		F14221B72549EA0500B1F96D /* router */ = {
			isa = PBXGroup;
			children = (
				F14221DD254A1B6500B1F96D /* PokemonDetailsRouter.swift */,
			);
			path = router;
			sourceTree = "<group>";
		};
		F14A21D32540A50000310A13 = {
			isa = PBXGroup;
			children = (
				F14A21DE2540A50000310A13 /* IamSnorlax */,
				F14A21F52540A50200310A13 /* IamSnorlaxTests */,
				F14A22002540A50300310A13 /* IamSnorlaxUITests */,
				F14A21DD2540A50000310A13 /* Products */,
				8C083F95DDFE4D253100EF27 /* Pods */,
				F7F53460B4D550EFA5912FF7 /* Frameworks */,
			);
			sourceTree = "<group>";
		};
		F14A21DD2540A50000310A13 /* Products */ = {
			isa = PBXGroup;
			children = (
				F14A21DC2540A50000310A13 /* IamSnorlax.app */,
				F14A21F22540A50200310A13 /* IamSnorlaxTests.xctest */,
				F14A21FD2540A50300310A13 /* IamSnorlaxUITests.xctest */,
			);
			name = Products;
			sourceTree = "<group>";
		};
		F14A21DE2540A50000310A13 /* IamSnorlax */ = {
			isa = PBXGroup;
			children = (
				F14A22D12540ACF300310A13 /* business */,
				F14A22D02540ACD300310A13 /* domain */,
				F14A22CF2540ACCF00310A13 /* ui */,
				F1224E5A254B4F7A0031F028 /* Assets.xcassets */,
				F10EDE72256A66430052D562 /* main.swift */,
				F14A21DF2540A50000310A13 /* AppDelegate.swift */,
				F14A21E12540A50000310A13 /* SceneDelegate.swift */,
				F14A21EA2540A50200310A13 /* LaunchScreen.storyboard */,
				F14A21ED2540A50200310A13 /* Info.plist */,
				F14221C72549ECFC00B1F96D /* Localizable.strings */,
			);
			path = IamSnorlax;
			sourceTree = "<group>";
		};
		F14A21F52540A50200310A13 /* IamSnorlaxTests */ = {
			isa = PBXGroup;
			children = (
				F1ECBBA02569E6EF008C187D /* modules */,
				F1ECBB962569E024008C187D /* GeneratedMocks.swift */,
				F10EDE77256A67120052D562 /* TestingAppDelegate.swift */,
				F10EDE82256A67380052D562 /* TestingSceneDelegate.swift */,
				F10EDE8D256A67C90052D562 /* TestingRootViewController.swift */,
				F14A21F82540A50200310A13 /* Info.plist */,
			);
			path = IamSnorlaxTests;
			sourceTree = "<group>";
		};
		F14A22002540A50300310A13 /* IamSnorlaxUITests */ = {
			isa = PBXGroup;
			children = (
				F14A22012540A50300310A13 /* IamSnorlaxUITests.swift */,
				F14A22032540A50300310A13 /* Info.plist */,
			);
			path = IamSnorlaxUITests;
			sourceTree = "<group>";
		};
		F14A22CF2540ACCF00310A13 /* ui */ = {
			isa = PBXGroup;
			children = (
				F14A22D92540AD2100310A13 /* extensions */,
				F14A22D82540AD1A00310A13 /* components */,
				F14A22D72540AD1500310A13 /* modules */,
				F14A22D62540AD0F00310A13 /* services */,
				F14A22D52540AD0A00310A13 /* utils */,
				F14A22D42540AD0300310A13 /* settings */,
				F14A22D32540ACFB00310A13 /* strings */,
				F14A22D22540ACF800310A13 /* fonts */,
			);
			path = ui;
			sourceTree = "<group>";
		};
		F14A22D02540ACD300310A13 /* domain */ = {
			isa = PBXGroup;
			children = (
				F14A22DE2540AD4D00310A13 /* extensions */,
				F14A22DD2540AD4800310A13 /* dtos */,
				F14A22DC2540AD3500310A13 /* utils */,
				F14A22DB2540AD2E00310A13 /* services */,
				F14A22DA2540AD2700310A13 /* settings */,
			);
			path = domain;
			sourceTree = "<group>";
		};
		F14A22D12540ACF300310A13 /* business */ = {
			isa = PBXGroup;
			children = (
				F14A22E42540AD6700310A13 /* data */,
				F14A22E32540AD6300310A13 /* repositories */,
				F14A22E22540AD5F00310A13 /* services */,
				F14A22E12540AD5C00310A13 /* utils */,
				F14A22E02540AD5600310A13 /* settings */,
			);
			path = business;
			sourceTree = "<group>";
		};
		F14A22D22540ACF800310A13 /* fonts */ = {
			isa = PBXGroup;
			children = (
				F18B570E2546B3EE0057A61D /* pokemon-font.ttf */,
			);
			path = fonts;
			sourceTree = "<group>";
		};
		F14A22D32540ACFB00310A13 /* strings */ = {
			isa = PBXGroup;
			children = (
				F14221BB2549EBEA00B1F96D /* I18n.swift */,
			);
			path = strings;
			sourceTree = "<group>";
		};
		F14A22D42540AD0300310A13 /* settings */ = {
			isa = PBXGroup;
			children = (
				F11F77F9254740DF003F1F17 /* UIConstants.swift */,
			);
			path = settings;
			sourceTree = "<group>";
		};
		F14A22D52540AD0A00310A13 /* utils */ = {
			isa = PBXGroup;
			children = (
			);
			path = utils;
			sourceTree = "<group>";
		};
		F14A22D62540AD0F00310A13 /* services */ = {
			isa = PBXGroup;
			children = (
				F16EB60B25415CB900FA27A6 /* StoryBoardManager.swift */,
			);
			path = services;
			sourceTree = "<group>";
		};
		F14A22D72540AD1500310A13 /* modules */ = {
			isa = PBXGroup;
			children = (
				F14221B12549E9E300B1F96D /* pokemonDetails */,
				F11F781B254752B9003F1F17 /* pokemonList */,
				F163CEDC2544304D000904EE /* versionList */,
				F16EB5EF25415C0400FA27A6 /* generationList */,
			);
			path = modules;
			sourceTree = "<group>";
		};
		F14A22D82540AD1A00310A13 /* components */ = {
			isa = PBXGroup;
			children = (
			);
			path = components;
			sourceTree = "<group>";
		};
		F14A22D92540AD2100310A13 /* extensions */ = {
			isa = PBXGroup;
			children = (
				F14221032548A0FA00B1F96D /* UIImageView+Extensions.swift */,
				F11F781625474BB9003F1F17 /* UIView+Extensions.swift */,
			);
			path = extensions;
			sourceTree = "<group>";
		};
		F14A22DA2540AD2700310A13 /* settings */ = {
			isa = PBXGroup;
			children = (
			);
			path = settings;
			sourceTree = "<group>";
		};
		F14A22DB2540AD2E00310A13 /* services */ = {
			isa = PBXGroup;
			children = (
				F14221082548A13900B1F96D /* ImageManager.swift */,
			);
			path = services;
			sourceTree = "<group>";
		};
		F14A22DC2540AD3500310A13 /* utils */ = {
			isa = PBXGroup;
			children = (
				F16EB6822541E83500FA27A6 /* Log.swift */,
			);
			path = utils;
			sourceTree = "<group>";
		};
		F14A22DD2540AD4800310A13 /* dtos */ = {
			isa = PBXGroup;
			children = (
			);
			path = dtos;
			sourceTree = "<group>";
		};
		F14A22DE2540AD4D00310A13 /* extensions */ = {
			isa = PBXGroup;
			children = (
				F14A230E2540AE2D00310A13 /* String+Extensions.swift */,
				F1224E62254BE3E70031F028 /* Array+Extensions.swift */,
				F1224E67254BE4C20031F028 /* Sequence+Extensions.swift */,
			);
			path = extensions;
			sourceTree = "<group>";
		};
		F14A22E02540AD5600310A13 /* settings */ = {
			isa = PBXGroup;
			children = (
				F14A23062540ADF500310A13 /* BusinessConstants.swift */,
			);
			path = settings;
			sourceTree = "<group>";
		};
		F14A22E12540AD5C00310A13 /* utils */ = {
			isa = PBXGroup;
			children = (
				F16EB73A2542A77300FA27A6 /* Resource.swift */,
			);
			path = utils;
			sourceTree = "<group>";
		};
		F14A22E22540AD5F00310A13 /* services */ = {
			isa = PBXGroup;
			children = (
				F16EB6F42542252800FA27A6 /* ApiRestManager.swift */,
				F16EB7352542A71200FA27A6 /* ApiManager.swift */,
			);
			path = services;
			sourceTree = "<group>";
		};
		F14A22E32540AD6300310A13 /* repositories */ = {
			isa = PBXGroup;
			children = (
				F16EB7172542A24A00FA27A6 /* generation */,
				F16EB7162542A24500FA27A6 /* version */,
				F16EB7152542A23900FA27A6 /* group */,
				F16EB7142542A23500FA27A6 /* pokedex */,
				F16EB7132542A23000FA27A6 /* pokemon */,
			);
			path = repositories;
			sourceTree = "<group>";
		};
		F14A22E42540AD6700310A13 /* data */ = {
			isa = PBXGroup;
			children = (
				F14A22E62540AD7400310A13 /* local */,
				F14A22E52540AD7100310A13 /* remote */,
			);
			path = data;
			sourceTree = "<group>";
		};
		F14A22E52540AD7100310A13 /* remote */ = {
			isa = PBXGroup;
			children = (
				F14A22E72540AD7700310A13 /* api */,
			);
			path = remote;
			sourceTree = "<group>";
		};
		F14A22E62540AD7400310A13 /* local */ = {
			isa = PBXGroup;
			children = (
				F14A22EA2540AD8300310A13 /* entities */,
			);
			path = local;
			sourceTree = "<group>";
		};
		F14A22E72540AD7700310A13 /* api */ = {
			isa = PBXGroup;
			children = (
				F16EB6EF2542249300FA27A6 /* Api.swift */,
			);
			path = api;
			sourceTree = "<group>";
		};
		F14A22EA2540AD8300310A13 /* entities */ = {
			isa = PBXGroup;
			children = (
				F116494A2561275200AEBEFB /* sprites */,
				F116493F256125B900AEBEFB /* descriptions */,
				F11649392561234200AEBEFB /* list */,
				F11649302561219400AEBEFB /* dataset */,
				F11649242561212200AEBEFB /* names */,
				F1FB8310254AAA3200F34319 /* generation */,
				F1FB830F254AAA2F00F34319 /* group */,
				F1FB830E254AAA2900F34319 /* version */,
				F1FB830D254AAA2700F34319 /* pokedex */,
				F1FB830C254AAA2400F34319 /* pokemon */,
			);
			path = entities;
			sourceTree = "<group>";
		};
		F163CEDC2544304D000904EE /* versionList */ = {
			isa = PBXGroup;
			children = (
				F163CEE225443076000904EE /* router */,
				F163CEE125443068000904EE /* presenter */,
				F163CEE025443062000904EE /* interactor */,
				F163CEDF2544305F000904EE /* view */,
				F163CEDE2544305A000904EE /* wireframe */,
				F163CEDD25443054000904EE /* protocols */,
			);
			path = versionList;
			sourceTree = "<group>";
		};
		F163CEDD25443054000904EE /* protocols */ = {
			isa = PBXGroup;
			children = (
				F163CEE7254430B9000904EE /* VersionListProtocols.swift */,
			);
			path = protocols;
			sourceTree = "<group>";
		};
		F163CEDE2544305A000904EE /* wireframe */ = {
			isa = PBXGroup;
			children = (
				F163CEE3254430B9000904EE /* VersionList.storyboard */,
			);
			path = wireframe;
			sourceTree = "<group>";
		};
		F163CEDF2544305F000904EE /* view */ = {
			isa = PBXGroup;
			children = (
				F163CEE6254430B9000904EE /* VersionListViewController.swift */,
				F18B572525473E180057A61D /* VersionCell.swift */,
			);
			path = view;
			sourceTree = "<group>";
		};
		F163CEE025443062000904EE /* interactor */ = {
			isa = PBXGroup;
			children = (
				F163CEE8254430B9000904EE /* VersionListInteractor.swift */,
			);
			path = interactor;
			sourceTree = "<group>";
		};
		F163CEE125443068000904EE /* presenter */ = {
			isa = PBXGroup;
			children = (
				F163CEE4254430B9000904EE /* VersionListPresenter.swift */,
			);
			path = presenter;
			sourceTree = "<group>";
		};
		F163CEE225443076000904EE /* router */ = {
			isa = PBXGroup;
			children = (
				F163CEE5254430B9000904EE /* VersionListRouter.swift */,
			);
			path = router;
			sourceTree = "<group>";
		};
		F16EB5EF25415C0400FA27A6 /* generationList */ = {
			isa = PBXGroup;
			children = (
				F16EB60A25415C3F00FA27A6 /* router */,
				F16EB60925415C3900FA27A6 /* presenter */,
				F16EB60825415C3400FA27A6 /* interactor */,
				F16EB60725415C3100FA27A6 /* view */,
				F16EB60625415C2B00FA27A6 /* wireframe */,
				F16EB60225415C1A00FA27A6 /* protocols */,
			);
			path = generationList;
			sourceTree = "<group>";
		};
		F16EB60225415C1A00FA27A6 /* protocols */ = {
			isa = PBXGroup;
			children = (
				F16EB5F425415C1700FA27A6 /* GenerationListProtocols.swift */,
			);
			path = protocols;
			sourceTree = "<group>";
		};
		F16EB60625415C2B00FA27A6 /* wireframe */ = {
			isa = PBXGroup;
			children = (
				F16EB5F025415C1700FA27A6 /* GenerationList.storyboard */,
			);
			path = wireframe;
			sourceTree = "<group>";
		};
		F16EB60725415C3100FA27A6 /* view */ = {
			isa = PBXGroup;
			children = (
				F16EB5F325415C1700FA27A6 /* GenerationListViewController.swift */,
				F18B56F22545A0370057A61D /* GenerationCell.swift */,
			);
			path = view;
			sourceTree = "<group>";
		};
		F16EB60825415C3400FA27A6 /* interactor */ = {
			isa = PBXGroup;
			children = (
				F16EB5F525415C1700FA27A6 /* GenerationListInteractor.swift */,
			);
			path = interactor;
			sourceTree = "<group>";
		};
		F16EB60925415C3900FA27A6 /* presenter */ = {
			isa = PBXGroup;
			children = (
				F16EB5F125415C1700FA27A6 /* GenerationListPresenter.swift */,
			);
			path = presenter;
			sourceTree = "<group>";
		};
		F16EB60A25415C3F00FA27A6 /* router */ = {
			isa = PBXGroup;
			children = (
				F16EB5F225415C1700FA27A6 /* GenerationListRouter.swift */,
			);
			path = router;
			sourceTree = "<group>";
		};
		F16EB7132542A23000FA27A6 /* pokemon */ = {
			isa = PBXGroup;
			children = (
				F16EB71F2542A54700FA27A6 /* repository */,
				F16EB71E2542A54300FA27A6 /* assembler */,
			);
			path = pokemon;
			sourceTree = "<group>";
		};
		F16EB7142542A23500FA27A6 /* pokedex */ = {
			isa = PBXGroup;
			children = (
				F16EB7212542A55700FA27A6 /* repository */,
				F16EB7202542A55300FA27A6 /* assembler */,
			);
			path = pokedex;
			sourceTree = "<group>";
		};
		F16EB7152542A23900FA27A6 /* group */ = {
			isa = PBXGroup;
			children = (
				F16EB7232542A56000FA27A6 /* repository */,
				F16EB7222542A55D00FA27A6 /* assembler */,
			);
			path = group;
			sourceTree = "<group>";
		};
		F16EB7162542A24500FA27A6 /* version */ = {
			isa = PBXGroup;
			children = (
				F16EB7252542A56800FA27A6 /* repository */,
				F16EB7242542A56500FA27A6 /* assembler */,
			);
			path = version;
			sourceTree = "<group>";
		};
		F16EB7172542A24A00FA27A6 /* generation */ = {
			isa = PBXGroup;
			children = (
				F16EB7272542A57200FA27A6 /* repository */,
				F16EB7262542A56E00FA27A6 /* assembler */,
			);
			path = generation;
			sourceTree = "<group>";
		};
		F16EB71E2542A54300FA27A6 /* assembler */ = {
			isa = PBXGroup;
			children = (
				F16EB7642542A88000FA27A6 /* PokemonAssembler.swift */,
			);
			path = assembler;
			sourceTree = "<group>";
		};
		F16EB71F2542A54700FA27A6 /* repository */ = {
			isa = PBXGroup;
			children = (
				F16EB75F2542A87500FA27A6 /* PokemonRepository.swift */,
			);
			path = repository;
			sourceTree = "<group>";
		};
		F16EB7202542A55300FA27A6 /* assembler */ = {
			isa = PBXGroup;
			children = (
				F16EB75A2542A86800FA27A6 /* PokedexAssembler.swift */,
			);
			path = assembler;
			sourceTree = "<group>";
		};
		F16EB7212542A55700FA27A6 /* repository */ = {
			isa = PBXGroup;
			children = (
				F16EB7552542A85B00FA27A6 /* PokedexRepository.swift */,
			);
			path = repository;
			sourceTree = "<group>";
		};
		F16EB7222542A55D00FA27A6 /* assembler */ = {
			isa = PBXGroup;
			children = (
				F16EB7502542A85000FA27A6 /* GroupAssembler.swift */,
			);
			path = assembler;
			sourceTree = "<group>";
		};
		F16EB7232542A56000FA27A6 /* repository */ = {
			isa = PBXGroup;
			children = (
				F16EB7452542A83D00FA27A6 /* GroupRepository.swift */,
			);
			path = repository;
			sourceTree = "<group>";
		};
		F16EB7242542A56500FA27A6 /* assembler */ = {
			isa = PBXGroup;
			children = (
				F16EB7402542A7F500FA27A6 /* VersionAssembler.swift */,
			);
			path = assembler;
			sourceTree = "<group>";
		};
		F16EB7252542A56800FA27A6 /* repository */ = {
			isa = PBXGroup;
			children = (
				F16EB73B2542A7EB00FA27A6 /* VersionRepository.swift */,
			);
			path = repository;
			sourceTree = "<group>";
		};
		F16EB7262542A56E00FA27A6 /* assembler */ = {
			isa = PBXGroup;
			children = (
				F16EB7302542A6D000FA27A6 /* GenerationAssembler.swift */,
			);
			path = assembler;
			sourceTree = "<group>";
		};
		F16EB7272542A57200FA27A6 /* repository */ = {
			isa = PBXGroup;
			children = (
				F16EB7282542A5CE00FA27A6 /* GenerationRepository.swift */,
			);
			path = repository;
			sourceTree = "<group>";
		};
		F1ECBBA02569E6EF008C187D /* modules */ = {
			isa = PBXGroup;
			children = (
				F1ECBBA12569E6F9008C187D /* generationList */,
			);
			path = modules;
			sourceTree = "<group>";
		};
		F1ECBBA12569E6F9008C187D /* generationList */ = {
			isa = PBXGroup;
			children = (
				F159DB6C25697F0200ABDAB9 /* GenerationRespositoryTest.swift */,
				F1ECBBB22569E787008C187D /* GenerationListRouterTest.swift */,
				F1ECBBAD2569E773008C187D /* GenerationListPresenterTest.swift */,
				F1ECBBA82569E75F008C187D /* GenerationListInteractorTest.swift */,
			);
			path = generationList;
			sourceTree = "<group>";
		};
		F1FB830C254AAA2400F34319 /* pokemon */ = {
			isa = PBXGroup;
			children = (
				F16EB6402541E47C00FA27A6 /* Pokemon.swift */,
				F1FB82E4254AA2D900F34319 /* PokemonStat.swift */,
				F11649452561262400AEBEFB /* PokemonEntry.swift */,
				F1164956256129C700AEBEFB /* PokemonSpecie.swift */,
				F116495B25612A8C00AEBEFB /* PokemonDescription.swift */,
			);
			path = pokemon;
			sourceTree = "<group>";
		};
		F1FB830D254AAA2700F34319 /* pokedex */ = {
			isa = PBXGroup;
			children = (
				F16EB63B2541E31800FA27A6 /* Pokedex.swift */,
			);
			path = pokedex;
			sourceTree = "<group>";
		};
		F1FB830E254AAA2900F34319 /* version */ = {
			isa = PBXGroup;
			children = (
				F16EB6102541D8AD00FA27A6 /* Version.swift */,
			);
			path = version;
			sourceTree = "<group>";
		};
		F1FB830F254AAA2F00F34319 /* group */ = {
			isa = PBXGroup;
			children = (
				F16EB6242541DC6000FA27A6 /* Group.swift */,
			);
			path = group;
			sourceTree = "<group>";
		};
		F1FB8310254AAA3200F34319 /* generation */ = {
			isa = PBXGroup;
			children = (
				F16EB61A2541DB1A00FA27A6 /* Generation.swift */,
			);
			path = generation;
			sourceTree = "<group>";
		};
		F7F53460B4D550EFA5912FF7 /* Frameworks */ = {
			isa = PBXGroup;
			children = (
				E9D3C38B3ADA43AAD3A0A15D /* Pods_IamSnorlax.framework */,
				FDB07A4C7C8EC42A79B1D888 /* Pods_IamSnorlax_IamSnorlaxUITests.framework */,
				F79CB9DCE15B4DF3857C8886 /* Pods_IamSnorlaxTests.framework */,
			);
			name = Frameworks;
			sourceTree = "<group>";
		};
/* End PBXGroup section */

/* Begin PBXNativeTarget section */
		F14A21DB2540A50000310A13 /* IamSnorlax */ = {
			isa = PBXNativeTarget;
			buildConfigurationList = F14A22062540A50300310A13 /* Build configuration list for PBXNativeTarget "IamSnorlax" */;
			buildPhases = (
				0130B8C7200A3D88FA585C66 /* [CP] Check Pods Manifest.lock */,
				F14A21D82540A50000310A13 /* Sources */,
				F14A21D92540A50000310A13 /* Frameworks */,
				F14A21DA2540A50000310A13 /* Resources */,
				F14A23132540AE4C00310A13 /* Swift Lint */,
				BDE879D2B7BA33AA37233025 /* [CP] Embed Pods Frameworks */,
			);
			buildRules = (
			);
			dependencies = (
			);
			name = IamSnorlax;
			productName = IamSnorlax;
			productReference = F14A21DC2540A50000310A13 /* IamSnorlax.app */;
			productType = "com.apple.product-type.application";
		};
		F14A21F12540A50200310A13 /* IamSnorlaxTests */ = {
			isa = PBXNativeTarget;
			buildConfigurationList = F14A22092540A50300310A13 /* Build configuration list for PBXNativeTarget "IamSnorlaxTests" */;
			buildPhases = (
				2547F09E695A97E1FCE25CC2 /* [CP] Check Pods Manifest.lock */,
				F159DB7425697F7300ABDAB9 /* Cuckoo Run Script */,
				F14A21EE2540A50200310A13 /* Sources */,
				F14A21EF2540A50200310A13 /* Frameworks */,
				F14A21F02540A50200310A13 /* Resources */,
				EAAAC3A41B366200F4B3E98B /* [CP] Embed Pods Frameworks */,
			);
			buildRules = (
			);
			dependencies = (
				F14A21F42540A50200310A13 /* PBXTargetDependency */,
			);
			name = IamSnorlaxTests;
			productName = IamSnorlaxTests;
			productReference = F14A21F22540A50200310A13 /* IamSnorlaxTests.xctest */;
			productType = "com.apple.product-type.bundle.unit-test";
		};
		F14A21FC2540A50300310A13 /* IamSnorlaxUITests */ = {
			isa = PBXNativeTarget;
			buildConfigurationList = F14A220C2540A50300310A13 /* Build configuration list for PBXNativeTarget "IamSnorlaxUITests" */;
			buildPhases = (
				14F8BE153AAC054F355BD955 /* [CP] Check Pods Manifest.lock */,
				F14A21F92540A50300310A13 /* Sources */,
				F14A21FA2540A50300310A13 /* Frameworks */,
				F14A21FB2540A50300310A13 /* Resources */,
				14B1F9B0AAEA343197520576 /* [CP] Embed Pods Frameworks */,
			);
			buildRules = (
			);
			dependencies = (
				F14A21FF2540A50300310A13 /* PBXTargetDependency */,
			);
			name = IamSnorlaxUITests;
			productName = IamSnorlaxUITests;
			productReference = F14A21FD2540A50300310A13 /* IamSnorlaxUITests.xctest */;
			productType = "com.apple.product-type.bundle.ui-testing";
		};
/* End PBXNativeTarget section */

/* Begin PBXProject section */
		F14A21D42540A50000310A13 /* Project object */ = {
			isa = PBXProject;
			attributes = {
				LastSwiftUpdateCheck = 1200;
				LastUpgradeCheck = 1200;
				TargetAttributes = {
					F14A21DB2540A50000310A13 = {
						CreatedOnToolsVersion = 12.0.1;
					};
					F14A21F12540A50200310A13 = {
						CreatedOnToolsVersion = 12.0.1;
						TestTargetID = F14A21DB2540A50000310A13;
					};
					F14A21FC2540A50300310A13 = {
						CreatedOnToolsVersion = 12.0.1;
						TestTargetID = F14A21DB2540A50000310A13;
					};
				};
			};
			buildConfigurationList = F14A21D72540A50000310A13 /* Build configuration list for PBXProject "IamSnorlax" */;
			compatibilityVersion = "Xcode 9.3";
			developmentRegion = en;
			hasScannedForEncodings = 0;
			knownRegions = (
				en,
				Base,
				es,
			);
			mainGroup = F14A21D32540A50000310A13;
			productRefGroup = F14A21DD2540A50000310A13 /* Products */;
			projectDirPath = "";
			projectRoot = "";
			targets = (
				F14A21DB2540A50000310A13 /* IamSnorlax */,
				F14A21F12540A50200310A13 /* IamSnorlaxTests */,
				F14A21FC2540A50300310A13 /* IamSnorlaxUITests */,
			);
		};
/* End PBXProject section */

/* Begin PBXResourcesBuildPhase section */
		F14A21DA2540A50000310A13 /* Resources */ = {
			isa = PBXResourcesBuildPhase;
			buildActionMask = 2147483647;
			files = (
				F16EB5F625415C1700FA27A6 /* GenerationList.storyboard in Resources */,
				F18B570F2546B3EE0057A61D /* pokemon-font.ttf in Resources */,
				F11F7828254752FE003F1F17 /* PokemonList.storyboard in Resources */,
				F14221C52549ECFC00B1F96D /* Localizable.strings in Resources */,
				F14A21EC2540A50200310A13 /* LaunchScreen.storyboard in Resources */,
				F163CEE9254430B9000904EE /* VersionList.storyboard in Resources */,
				F1224E5B254B4F7A0031F028 /* Assets.xcassets in Resources */,
				F14221E1254A1B6500B1F96D /* PokemonDetails.storyboard in Resources */,
			);
			runOnlyForDeploymentPostprocessing = 0;
		};
		F14A21F02540A50200310A13 /* Resources */ = {
			isa = PBXResourcesBuildPhase;
			buildActionMask = 2147483647;
			files = (
			);
			runOnlyForDeploymentPostprocessing = 0;
		};
		F14A21FB2540A50300310A13 /* Resources */ = {
			isa = PBXResourcesBuildPhase;
			buildActionMask = 2147483647;
			files = (
			);
			runOnlyForDeploymentPostprocessing = 0;
		};
/* End PBXResourcesBuildPhase section */

/* Begin PBXShellScriptBuildPhase section */
		0130B8C7200A3D88FA585C66 /* [CP] Check Pods Manifest.lock */ = {
			isa = PBXShellScriptBuildPhase;
			buildActionMask = 2147483647;
			files = (
			);
			inputFileListPaths = (
			);
			inputPaths = (
				"${PODS_PODFILE_DIR_PATH}/Podfile.lock",
				"${PODS_ROOT}/Manifest.lock",
			);
			name = "[CP] Check Pods Manifest.lock";
			outputFileListPaths = (
			);
			outputPaths = (
				"$(DERIVED_FILE_DIR)/Pods-IamSnorlax-checkManifestLockResult.txt",
			);
			runOnlyForDeploymentPostprocessing = 0;
			shellPath = /bin/sh;
			shellScript = "diff \"${PODS_PODFILE_DIR_PATH}/Podfile.lock\" \"${PODS_ROOT}/Manifest.lock\" > /dev/null\nif [ $? != 0 ] ; then\n    # print error to STDERR\n    echo \"error: The sandbox is not in sync with the Podfile.lock. Run 'pod install' or update your CocoaPods installation.\" >&2\n    exit 1\nfi\n# This output is used by Xcode 'outputs' to avoid re-running this script phase.\necho \"SUCCESS\" > \"${SCRIPT_OUTPUT_FILE_0}\"\n";
			showEnvVarsInLog = 0;
		};
		14B1F9B0AAEA343197520576 /* [CP] Embed Pods Frameworks */ = {
			isa = PBXShellScriptBuildPhase;
			buildActionMask = 2147483647;
			files = (
			);
			inputFileListPaths = (
				"${PODS_ROOT}/Target Support Files/Pods-IamSnorlax-IamSnorlaxUITests/Pods-IamSnorlax-IamSnorlaxUITests-frameworks-${CONFIGURATION}-input-files.xcfilelist",
			);
			name = "[CP] Embed Pods Frameworks";
			outputFileListPaths = (
				"${PODS_ROOT}/Target Support Files/Pods-IamSnorlax-IamSnorlaxUITests/Pods-IamSnorlax-IamSnorlaxUITests-frameworks-${CONFIGURATION}-output-files.xcfilelist",
			);
			runOnlyForDeploymentPostprocessing = 0;
			shellPath = /bin/sh;
			shellScript = "\"${PODS_ROOT}/Target Support Files/Pods-IamSnorlax-IamSnorlaxUITests/Pods-IamSnorlax-IamSnorlaxUITests-frameworks.sh\"\n";
			showEnvVarsInLog = 0;
		};
		14F8BE153AAC054F355BD955 /* [CP] Check Pods Manifest.lock */ = {
			isa = PBXShellScriptBuildPhase;
			buildActionMask = 2147483647;
			files = (
			);
			inputFileListPaths = (
			);
			inputPaths = (
				"${PODS_PODFILE_DIR_PATH}/Podfile.lock",
				"${PODS_ROOT}/Manifest.lock",
			);
			name = "[CP] Check Pods Manifest.lock";
			outputFileListPaths = (
			);
			outputPaths = (
				"$(DERIVED_FILE_DIR)/Pods-IamSnorlax-IamSnorlaxUITests-checkManifestLockResult.txt",
			);
			runOnlyForDeploymentPostprocessing = 0;
			shellPath = /bin/sh;
			shellScript = "diff \"${PODS_PODFILE_DIR_PATH}/Podfile.lock\" \"${PODS_ROOT}/Manifest.lock\" > /dev/null\nif [ $? != 0 ] ; then\n    # print error to STDERR\n    echo \"error: The sandbox is not in sync with the Podfile.lock. Run 'pod install' or update your CocoaPods installation.\" >&2\n    exit 1\nfi\n# This output is used by Xcode 'outputs' to avoid re-running this script phase.\necho \"SUCCESS\" > \"${SCRIPT_OUTPUT_FILE_0}\"\n";
			showEnvVarsInLog = 0;
		};
		2547F09E695A97E1FCE25CC2 /* [CP] Check Pods Manifest.lock */ = {
			isa = PBXShellScriptBuildPhase;
			buildActionMask = 2147483647;
			files = (
			);
			inputFileListPaths = (
			);
			inputPaths = (
				"${PODS_PODFILE_DIR_PATH}/Podfile.lock",
				"${PODS_ROOT}/Manifest.lock",
			);
			name = "[CP] Check Pods Manifest.lock";
			outputFileListPaths = (
			);
			outputPaths = (
				"$(DERIVED_FILE_DIR)/Pods-IamSnorlaxTests-checkManifestLockResult.txt",
			);
			runOnlyForDeploymentPostprocessing = 0;
			shellPath = /bin/sh;
			shellScript = "diff \"${PODS_PODFILE_DIR_PATH}/Podfile.lock\" \"${PODS_ROOT}/Manifest.lock\" > /dev/null\nif [ $? != 0 ] ; then\n    # print error to STDERR\n    echo \"error: The sandbox is not in sync with the Podfile.lock. Run 'pod install' or update your CocoaPods installation.\" >&2\n    exit 1\nfi\n# This output is used by Xcode 'outputs' to avoid re-running this script phase.\necho \"SUCCESS\" > \"${SCRIPT_OUTPUT_FILE_0}\"\n";
			showEnvVarsInLog = 0;
		};
		BDE879D2B7BA33AA37233025 /* [CP] Embed Pods Frameworks */ = {
			isa = PBXShellScriptBuildPhase;
			buildActionMask = 2147483647;
			files = (
			);
			inputFileListPaths = (
				"${PODS_ROOT}/Target Support Files/Pods-IamSnorlax/Pods-IamSnorlax-frameworks-${CONFIGURATION}-input-files.xcfilelist",
			);
			name = "[CP] Embed Pods Frameworks";
			outputFileListPaths = (
				"${PODS_ROOT}/Target Support Files/Pods-IamSnorlax/Pods-IamSnorlax-frameworks-${CONFIGURATION}-output-files.xcfilelist",
			);
			runOnlyForDeploymentPostprocessing = 0;
			shellPath = /bin/sh;
			shellScript = "\"${PODS_ROOT}/Target Support Files/Pods-IamSnorlax/Pods-IamSnorlax-frameworks.sh\"\n";
			showEnvVarsInLog = 0;
		};
		EAAAC3A41B366200F4B3E98B /* [CP] Embed Pods Frameworks */ = {
			isa = PBXShellScriptBuildPhase;
			buildActionMask = 2147483647;
			files = (
			);
			inputFileListPaths = (
				"${PODS_ROOT}/Target Support Files/Pods-IamSnorlaxTests/Pods-IamSnorlaxTests-frameworks-${CONFIGURATION}-input-files.xcfilelist",
			);
			name = "[CP] Embed Pods Frameworks";
			outputFileListPaths = (
				"${PODS_ROOT}/Target Support Files/Pods-IamSnorlaxTests/Pods-IamSnorlaxTests-frameworks-${CONFIGURATION}-output-files.xcfilelist",
			);
			runOnlyForDeploymentPostprocessing = 0;
			shellPath = /bin/sh;
			shellScript = "\"${PODS_ROOT}/Target Support Files/Pods-IamSnorlaxTests/Pods-IamSnorlaxTests-frameworks.sh\"\n";
			showEnvVarsInLog = 0;
		};
		F14A23132540AE4C00310A13 /* Swift Lint */ = {
			isa = PBXShellScriptBuildPhase;
			buildActionMask = 2147483647;
			files = (
			);
			inputFileListPaths = (
			);
			inputPaths = (
			);
			name = "Swift Lint";
			outputFileListPaths = (
			);
			outputPaths = (
			);
			runOnlyForDeploymentPostprocessing = 0;
			shellPath = /bin/sh;
			shellScript = "# Type a script or drag a script file from your workspace to insert its path.\n\"${PODS_ROOT}/SwiftLint/swiftlint\"\n";
		};
		F159DB7425697F7300ABDAB9 /* Cuckoo Run Script */ = {
			isa = PBXShellScriptBuildPhase;
			buildActionMask = 2147483647;
			files = (
			);
			inputFileListPaths = (
			);
			inputPaths = (
			);
			name = "Cuckoo Run Script";
			outputFileListPaths = (
			);
			outputPaths = (
			);
			runOnlyForDeploymentPostprocessing = 0;
			shellPath = /bin/sh;
			shellScript = "# Type a script or drag a script file from your workspace to insert its path.\n# Define output file. Change \"${PROJECT_DIR}/${PROJECT_NAME}Tests\" to your test's root source folder, if it's not the default name.\nOUTPUT_FILE=\"${PROJECT_DIR}/${PROJECT_NAME}Tests/GeneratedMocks.swift\"\necho \"Generated Mocks File = ${OUTPUT_FILE}\"\n\n# Define input directory. Change \"${PROJECT_DIR}/${PROJECT_NAME}\" to your project's root source folder, if it's not the default name.\nINPUT_DIR=\"${PROJECT_DIR}/${PROJECT_NAME}\"\necho \"Mocks Input Directory = ${INPUT_DIR}\"\n\n# Generate mock files, include as many input files as you'd like to create mocks for.\n\"${PODS_ROOT}/Cuckoo/run\" generate --testable \"${PROJECT_NAME}\" \\\n--output \"${OUTPUT_FILE}\" \\\n\"${INPUT_DIR}/ui/modules/generationList/router/GenerationListRouter.swift\" \\\n\"${INPUT_DIR}/ui/modules/generationList/presenter/GenerationListPresenter.swift\" \\\n\"${INPUT_DIR}/ui/modules/generationList/interactor/GenerationListInteractor.swift\" \\\n\"${INPUT_DIR}/business/repositories/generation/repository/GenerationRepository.swift\"\n#\"${INPUT_DIR}/FileName1.swift\" \\\n#\"${INPUT_DIR}/FileName2.swift\" \\\n#\"${INPUT_DIR}/FileName3.swift\"\n# ... and so forth, the last line should never end with a backslash\n\n# After running once, locate `GeneratedMocks.swift` and drag it into your Xcode test target group.\n";
		};
/* End PBXShellScriptBuildPhase section */

/* Begin PBXSourcesBuildPhase section */
		F14A21D82540A50000310A13 /* Sources */ = {
			isa = PBXSourcesBuildPhase;
			buildActionMask = 2147483647;
			files = (
				F14221042548A0FA00B1F96D /* UIImageView+Extensions.swift in Sources */,
				F1224E63254BE3E70031F028 /* Array+Extensions.swift in Sources */,
				F16EB7562542A85B00FA27A6 /* PokedexRepository.swift in Sources */,
				F163CEEB254430B9000904EE /* VersionListRouter.swift in Sources */,
				F1D3026225432608000F3283 /* Resource.swift in Sources */,
				F16EB75B2542A86800FA27A6 /* PokedexAssembler.swift in Sources */,
				F1224E68254BE4C20031F028 /* Sequence+Extensions.swift in Sources */,
				F11F782B254752FE003F1F17 /* PokemonListViewController.swift in Sources */,
				F11649262561213500AEBEFB /* Name.swift in Sources */,
				F11F77FA254740E1003F1F17 /* UIConstants.swift in Sources */,
				F16EB7312542A6D000FA27A6 /* GenerationAssembler.swift in Sources */,
				F1164957256129C700AEBEFB /* PokemonSpecie.swift in Sources */,
				F14A230F2540AE2D00310A13 /* String+Extensions.swift in Sources */,
				F16EB61B2541DB1A00FA27A6 /* Generation.swift in Sources */,
				F16EB5FB25415C1700FA27A6 /* GenerationListInteractor.swift in Sources */,
				F16EB6412541E47C00FA27A6 /* Pokemon.swift in Sources */,
				F11649462561262400AEBEFB /* PokemonEntry.swift in Sources */,
				F11649322561219C00AEBEFB /* DataSet.swift in Sources */,
				F16EB7462542A83D00FA27A6 /* GroupRepository.swift in Sources */,
				F11F782D254752FE003F1F17 /* PokemonListInteractor.swift in Sources */,
				F14A21E02540A50000310A13 /* AppDelegate.swift in Sources */,
				F116495C25612A8C00AEBEFB /* PokemonDescription.swift in Sources */,
				F14221E3254A1B6500B1F96D /* PokemonDetailsRouter.swift in Sources */,
				F14A21E22540A50000310A13 /* SceneDelegate.swift in Sources */,
				F16EB7362542A71200FA27A6 /* ApiManager.swift in Sources */,
				F1164941256125C400AEBEFB /* Description.swift in Sources */,
				F16EB7412542A7F600FA27A6 /* VersionAssembler.swift in Sources */,
				F11F782A254752FE003F1F17 /* PokemonListRouter.swift in Sources */,
				F163CEEC254430B9000904EE /* VersionListViewController.swift in Sources */,
				F16EB6112541D8AD00FA27A6 /* Version.swift in Sources */,
				F10EDE73256A66430052D562 /* main.swift in Sources */,
				F14A23072540ADF500310A13 /* BusinessConstants.swift in Sources */,
				F163CEED254430B9000904EE /* VersionListProtocols.swift in Sources */,
				F11F7829254752FE003F1F17 /* PokemonListPresenter.swift in Sources */,
				F163CEEA254430B9000904EE /* VersionListPresenter.swift in Sources */,
				F16EB63C2541E31800FA27A6 /* Pokedex.swift in Sources */,
				F14221092548A13900B1F96D /* ImageManager.swift in Sources */,
				F16EB6252541DC6000FA27A6 /* Group.swift in Sources */,
				F116494C2561275800AEBEFB /* Sprites.swift in Sources */,
				F11F782C254752FE003F1F17 /* PokemonListProtocols.swift in Sources */,
				F14221E6254A1B6500B1F96D /* PokemonDetailsInteractor.swift in Sources */,
				F16EB5F825415C1700FA27A6 /* GenerationListRouter.swift in Sources */,
				F16EB7602542A87500FA27A6 /* PokemonRepository.swift in Sources */,
				F116493B2561234D00AEBEFB /* List.swift in Sources */,
				F16EB7512542A85000FA27A6 /* GroupAssembler.swift in Sources */,
				F16EB5FA25415C1700FA27A6 /* GenerationListProtocols.swift in Sources */,
				F163CEEE254430B9000904EE /* VersionListInteractor.swift in Sources */,
				F18B56F32545A0380057A61D /* GenerationCell.swift in Sources */,
				F16EB5F925415C1700FA27A6 /* GenerationListViewController.swift in Sources */,
				F16EB6F52542252800FA27A6 /* ApiRestManager.swift in Sources */,
				F16EB73C2542A7EB00FA27A6 /* VersionRepository.swift in Sources */,
				F14221E5254A1B6500B1F96D /* PokemonDetailsProtocols.swift in Sources */,
				F18B572625473E180057A61D /* VersionCell.swift in Sources */,
				F1FB82E5254AA2D900F34319 /* PokemonStat.swift in Sources */,
				F16EB6F0254224FC00FA27A6 /* Api.swift in Sources */,
				F14221BC2549EBEF00B1F96D /* I18n.swift in Sources */,
				F11F781725474BB9003F1F17 /* UIView+Extensions.swift in Sources */,
				F14220FF25489B7C00B1F96D /* PokemonCell.swift in Sources */,
				F14221E4254A1B6500B1F96D /* PokemonDetailsViewController.swift in Sources */,
				F16EB60C25415CB900FA27A6 /* StoryBoardManager.swift in Sources */,
				F16EB5F725415C1700FA27A6 /* GenerationListPresenter.swift in Sources */,
				F14221E2254A1B6500B1F96D /* PokemonDetailsPresenter.swift in Sources */,
				F16EB7292542A5CE00FA27A6 /* GenerationRepository.swift in Sources */,
				F16EB7652542A88000FA27A6 /* PokemonAssembler.swift in Sources */,
				F16EB6832541E84200FA27A6 /* Log.swift in Sources */,
			);
			runOnlyForDeploymentPostprocessing = 0;
		};
		F14A21EE2540A50200310A13 /* Sources */ = {
			isa = PBXSourcesBuildPhase;
			buildActionMask = 2147483647;
			files = (
				F1ECBBAE2569E773008C187D /* GenerationListPresenterTest.swift in Sources */,
				F159DB6D25697F0200ABDAB9 /* GenerationRespositoryTest.swift in Sources */,
				F1ECBBB32569E787008C187D /* GenerationListRouterTest.swift in Sources */,
				F10EDE8E256A67C90052D562 /* TestingRootViewController.swift in Sources */,
				F10EDE78256A67120052D562 /* TestingAppDelegate.swift in Sources */,
				F1ECBBA92569E75F008C187D /* GenerationListInteractorTest.swift in Sources */,
				F1ECBB972569E024008C187D /* GeneratedMocks.swift in Sources */,
				F10EDE83256A67380052D562 /* TestingSceneDelegate.swift in Sources */,
			);
			runOnlyForDeploymentPostprocessing = 0;
		};
		F14A21F92540A50300310A13 /* Sources */ = {
			isa = PBXSourcesBuildPhase;
			buildActionMask = 2147483647;
			files = (
				F14A22022540A50300310A13 /* IamSnorlaxUITests.swift in Sources */,
			);
			runOnlyForDeploymentPostprocessing = 0;
		};
/* End PBXSourcesBuildPhase section */

/* Begin PBXTargetDependency section */
		F14A21F42540A50200310A13 /* PBXTargetDependency */ = {
			isa = PBXTargetDependency;
			target = F14A21DB2540A50000310A13 /* IamSnorlax */;
			targetProxy = F14A21F32540A50200310A13 /* PBXContainerItemProxy */;
		};
		F14A21FF2540A50300310A13 /* PBXTargetDependency */ = {
			isa = PBXTargetDependency;
			target = F14A21DB2540A50000310A13 /* IamSnorlax */;
			targetProxy = F14A21FE2540A50300310A13 /* PBXContainerItemProxy */;
		};
/* End PBXTargetDependency section */

/* Begin PBXVariantGroup section */
		F14221C72549ECFC00B1F96D /* Localizable.strings */ = {
			isa = PBXVariantGroup;
			children = (
				F14221C82549ED0B00B1F96D /* es */,
				F14221D72549EDF400B1F96D /* en */,
			);
			name = Localizable.strings;
			sourceTree = "<group>";
		};
		F14A21EA2540A50200310A13 /* LaunchScreen.storyboard */ = {
			isa = PBXVariantGroup;
			children = (
				F14A21EB2540A50200310A13 /* Base */,
			);
			name = LaunchScreen.storyboard;
			sourceTree = "<group>";
		};
/* End PBXVariantGroup section */

/* Begin XCBuildConfiguration section */
		F14A22042540A50300310A13 /* Debug */ = {
			isa = XCBuildConfiguration;
			buildSettings = {
				ALWAYS_SEARCH_USER_PATHS = NO;
				CLANG_ANALYZER_LOCALIZABILITY_NONLOCALIZED = YES;
				CLANG_ANALYZER_NONNULL = YES;
				CLANG_ANALYZER_NUMBER_OBJECT_CONVERSION = YES_AGGRESSIVE;
				CLANG_CXX_LANGUAGE_STANDARD = "gnu++14";
				CLANG_CXX_LIBRARY = "libc++";
				CLANG_ENABLE_MODULES = YES;
				CLANG_ENABLE_OBJC_ARC = YES;
				CLANG_ENABLE_OBJC_WEAK = YES;
				CLANG_WARN_BLOCK_CAPTURE_AUTORELEASING = YES;
				CLANG_WARN_BOOL_CONVERSION = YES;
				CLANG_WARN_COMMA = YES;
				CLANG_WARN_CONSTANT_CONVERSION = YES;
				CLANG_WARN_DEPRECATED_OBJC_IMPLEMENTATIONS = YES;
				CLANG_WARN_DIRECT_OBJC_ISA_USAGE = YES_ERROR;
				CLANG_WARN_DOCUMENTATION_COMMENTS = YES;
				CLANG_WARN_EMPTY_BODY = YES;
				CLANG_WARN_ENUM_CONVERSION = YES;
				CLANG_WARN_INFINITE_RECURSION = YES;
				CLANG_WARN_INT_CONVERSION = YES;
				CLANG_WARN_NON_LITERAL_NULL_CONVERSION = YES;
				CLANG_WARN_OBJC_IMPLICIT_RETAIN_SELF = YES;
				CLANG_WARN_OBJC_LITERAL_CONVERSION = YES;
				CLANG_WARN_OBJC_ROOT_CLASS = YES_ERROR;
				CLANG_WARN_QUOTED_INCLUDE_IN_FRAMEWORK_HEADER = YES;
				CLANG_WARN_RANGE_LOOP_ANALYSIS = YES;
				CLANG_WARN_STRICT_PROTOTYPES = YES;
				CLANG_WARN_SUSPICIOUS_MOVE = YES;
				CLANG_WARN_UNGUARDED_AVAILABILITY = YES_AGGRESSIVE;
				CLANG_WARN_UNREACHABLE_CODE = YES;
				CLANG_WARN__DUPLICATE_METHOD_MATCH = YES;
				COPY_PHASE_STRIP = NO;
				DEBUG_INFORMATION_FORMAT = dwarf;
				ENABLE_STRICT_OBJC_MSGSEND = YES;
				ENABLE_TESTABILITY = YES;
				GCC_C_LANGUAGE_STANDARD = gnu11;
				GCC_DYNAMIC_NO_PIC = NO;
				GCC_NO_COMMON_BLOCKS = YES;
				GCC_OPTIMIZATION_LEVEL = 0;
				GCC_PREPROCESSOR_DEFINITIONS = (
					"DEBUG=1",
					"$(inherited)",
				);
				GCC_WARN_64_TO_32_BIT_CONVERSION = YES;
				GCC_WARN_ABOUT_RETURN_TYPE = YES_ERROR;
				GCC_WARN_UNDECLARED_SELECTOR = YES;
				GCC_WARN_UNINITIALIZED_AUTOS = YES_AGGRESSIVE;
				GCC_WARN_UNUSED_FUNCTION = YES;
				GCC_WARN_UNUSED_VARIABLE = YES;
				IPHONEOS_DEPLOYMENT_TARGET = 13.0;
				MTL_ENABLE_DEBUG_INFO = INCLUDE_SOURCE;
				MTL_FAST_MATH = YES;
				ONLY_ACTIVE_ARCH = YES;
				SDKROOT = iphoneos;
				SWIFT_ACTIVE_COMPILATION_CONDITIONS = DEBUG;
				SWIFT_OPTIMIZATION_LEVEL = "-Onone";
			};
			name = Debug;
		};
		F14A22052540A50300310A13 /* Release */ = {
			isa = XCBuildConfiguration;
			buildSettings = {
				ALWAYS_SEARCH_USER_PATHS = NO;
				CLANG_ANALYZER_LOCALIZABILITY_NONLOCALIZED = YES;
				CLANG_ANALYZER_NONNULL = YES;
				CLANG_ANALYZER_NUMBER_OBJECT_CONVERSION = YES_AGGRESSIVE;
				CLANG_CXX_LANGUAGE_STANDARD = "gnu++14";
				CLANG_CXX_LIBRARY = "libc++";
				CLANG_ENABLE_MODULES = YES;
				CLANG_ENABLE_OBJC_ARC = YES;
				CLANG_ENABLE_OBJC_WEAK = YES;
				CLANG_WARN_BLOCK_CAPTURE_AUTORELEASING = YES;
				CLANG_WARN_BOOL_CONVERSION = YES;
				CLANG_WARN_COMMA = YES;
				CLANG_WARN_CONSTANT_CONVERSION = YES;
				CLANG_WARN_DEPRECATED_OBJC_IMPLEMENTATIONS = YES;
				CLANG_WARN_DIRECT_OBJC_ISA_USAGE = YES_ERROR;
				CLANG_WARN_DOCUMENTATION_COMMENTS = YES;
				CLANG_WARN_EMPTY_BODY = YES;
				CLANG_WARN_ENUM_CONVERSION = YES;
				CLANG_WARN_INFINITE_RECURSION = YES;
				CLANG_WARN_INT_CONVERSION = YES;
				CLANG_WARN_NON_LITERAL_NULL_CONVERSION = YES;
				CLANG_WARN_OBJC_IMPLICIT_RETAIN_SELF = YES;
				CLANG_WARN_OBJC_LITERAL_CONVERSION = YES;
				CLANG_WARN_OBJC_ROOT_CLASS = YES_ERROR;
				CLANG_WARN_QUOTED_INCLUDE_IN_FRAMEWORK_HEADER = YES;
				CLANG_WARN_RANGE_LOOP_ANALYSIS = YES;
				CLANG_WARN_STRICT_PROTOTYPES = YES;
				CLANG_WARN_SUSPICIOUS_MOVE = YES;
				CLANG_WARN_UNGUARDED_AVAILABILITY = YES_AGGRESSIVE;
				CLANG_WARN_UNREACHABLE_CODE = YES;
				CLANG_WARN__DUPLICATE_METHOD_MATCH = YES;
				COPY_PHASE_STRIP = NO;
				DEBUG_INFORMATION_FORMAT = "dwarf-with-dsym";
				ENABLE_NS_ASSERTIONS = NO;
				ENABLE_STRICT_OBJC_MSGSEND = YES;
				GCC_C_LANGUAGE_STANDARD = gnu11;
				GCC_NO_COMMON_BLOCKS = YES;
				GCC_WARN_64_TO_32_BIT_CONVERSION = YES;
				GCC_WARN_ABOUT_RETURN_TYPE = YES_ERROR;
				GCC_WARN_UNDECLARED_SELECTOR = YES;
				GCC_WARN_UNINITIALIZED_AUTOS = YES_AGGRESSIVE;
				GCC_WARN_UNUSED_FUNCTION = YES;
				GCC_WARN_UNUSED_VARIABLE = YES;
				IPHONEOS_DEPLOYMENT_TARGET = 13.0;
				MTL_ENABLE_DEBUG_INFO = NO;
				MTL_FAST_MATH = YES;
				SDKROOT = iphoneos;
				SWIFT_COMPILATION_MODE = wholemodule;
				SWIFT_OPTIMIZATION_LEVEL = "-O";
				VALIDATE_PRODUCT = YES;
			};
			name = Release;
		};
		F14A22072540A50300310A13 /* Debug */ = {
			isa = XCBuildConfiguration;
			baseConfigurationReference = D9E33E3C6ED4891A3CB652E6 /* Pods-IamSnorlax.debug.xcconfig */;
			buildSettings = {
				API_URL = "https://pokeapi.co/api/v2";
				ASSETCATALOG_COMPILER_APPICON_NAME = AppIcon;
				ASSETCATALOG_COMPILER_GLOBAL_ACCENT_COLOR_NAME = AccentColor;
				CODE_SIGN_STYLE = Automatic;
				DEVELOPMENT_TEAM = HZ52P73QGM;
				IMAGES_URL = "https://raw.githubusercontent.com/PokeAPI/sprites/master";
				INFOPLIST_FILE = IamSnorlax/Info.plist;
				LD_RUNPATH_SEARCH_PATHS = (
					"$(inherited)",
					"@executable_path/Frameworks",
				);
				PRODUCT_BUNDLE_IDENTIFIER = dev.digoot.iamsnorlax.IamSnorlax;
				PRODUCT_NAME = "$(TARGET_NAME)";
				SPRITES_ENDPOINT = "https://raw.githubusercontent.com/PokeAPI/sprites/master";
				SWIFT_VERSION = 5.0;
				TARGETED_DEVICE_FAMILY = "1,2";
			};
			name = Debug;
		};
		F14A22082540A50300310A13 /* Release */ = {
			isa = XCBuildConfiguration;
			baseConfigurationReference = 5A3B419B10D53C2571E599C0 /* Pods-IamSnorlax.release.xcconfig */;
			buildSettings = {
				API_URL = "https://pokeapi.co/api/v2";
				ASSETCATALOG_COMPILER_APPICON_NAME = AppIcon;
				ASSETCATALOG_COMPILER_GLOBAL_ACCENT_COLOR_NAME = AccentColor;
				CODE_SIGN_STYLE = Automatic;
				DEVELOPMENT_TEAM = HZ52P73QGM;
				IMAGES_URL = "https://raw.githubusercontent.com/PokeAPI/sprites/master";
				INFOPLIST_FILE = IamSnorlax/Info.plist;
				LD_RUNPATH_SEARCH_PATHS = (
					"$(inherited)",
					"@executable_path/Frameworks",
				);
				PRODUCT_BUNDLE_IDENTIFIER = dev.digoot.iamsnorlax.IamSnorlax;
				PRODUCT_NAME = "$(TARGET_NAME)";
				SPRITES_ENDPOINT = "https://raw.githubusercontent.com/PokeAPI/sprites/master";
				SWIFT_VERSION = 5.0;
				TARGETED_DEVICE_FAMILY = "1,2";
			};
			name = Release;
		};
		F14A220A2540A50300310A13 /* Debug */ = {
			isa = XCBuildConfiguration;
			baseConfigurationReference = DBEA2F43F28431B5A2A8C9C2 /* Pods-IamSnorlaxTests.debug.xcconfig */;
			buildSettings = {
				ALWAYS_EMBED_SWIFT_STANDARD_LIBRARIES = "$(inherited)";
				BUNDLE_LOADER = "$(TEST_HOST)";
				CODE_SIGN_STYLE = Automatic;
				DEVELOPMENT_TEAM = HZ52P73QGM;
				INFOPLIST_FILE = IamSnorlaxTests/Info.plist;
				IPHONEOS_DEPLOYMENT_TARGET = 14.0;
				LD_RUNPATH_SEARCH_PATHS = (
					"$(inherited)",
					"@executable_path/Frameworks",
					"@loader_path/Frameworks",
				);
				PRODUCT_BUNDLE_IDENTIFIER = dev.digoot.iamsnorlax.IamSnorlaxTests;
				PRODUCT_NAME = "$(TARGET_NAME)";
				SWIFT_VERSION = 5.0;
				TARGETED_DEVICE_FAMILY = "1,2";
				TEST_HOST = "$(BUILT_PRODUCTS_DIR)/IamSnorlax.app/IamSnorlax";
			};
			name = Debug;
		};
		F14A220B2540A50300310A13 /* Release */ = {
			isa = XCBuildConfiguration;
			baseConfigurationReference = 1A86FF2CDFD77A91859AF61D /* Pods-IamSnorlaxTests.release.xcconfig */;
			buildSettings = {
				ALWAYS_EMBED_SWIFT_STANDARD_LIBRARIES = "$(inherited)";
				BUNDLE_LOADER = "$(TEST_HOST)";
				CODE_SIGN_STYLE = Automatic;
				DEVELOPMENT_TEAM = HZ52P73QGM;
				INFOPLIST_FILE = IamSnorlaxTests/Info.plist;
				IPHONEOS_DEPLOYMENT_TARGET = 14.0;
				LD_RUNPATH_SEARCH_PATHS = (
					"$(inherited)",
					"@executable_path/Frameworks",
					"@loader_path/Frameworks",
				);
				PRODUCT_BUNDLE_IDENTIFIER = dev.digoot.iamsnorlax.IamSnorlaxTests;
				PRODUCT_NAME = "$(TARGET_NAME)";
				SWIFT_VERSION = 5.0;
				TARGETED_DEVICE_FAMILY = "1,2";
				TEST_HOST = "$(BUILT_PRODUCTS_DIR)/IamSnorlax.app/IamSnorlax";
			};
			name = Release;
		};
		F14A220D2540A50300310A13 /* Debug */ = {
			isa = XCBuildConfiguration;
			baseConfigurationReference = 9C937483082C0D494FBB83C1 /* Pods-IamSnorlax-IamSnorlaxUITests.debug.xcconfig */;
			buildSettings = {
				ALWAYS_EMBED_SWIFT_STANDARD_LIBRARIES = "$(inherited)";
				CODE_SIGN_STYLE = Automatic;
				DEVELOPMENT_TEAM = HZ52P73QGM;
				INFOPLIST_FILE = IamSnorlaxUITests/Info.plist;
				LD_RUNPATH_SEARCH_PATHS = (
					"$(inherited)",
					"@executable_path/Frameworks",
					"@loader_path/Frameworks",
				);
				PRODUCT_BUNDLE_IDENTIFIER = dev.digoot.iamsnorlax.IamSnorlaxUITests;
				PRODUCT_NAME = "$(TARGET_NAME)";
				SWIFT_VERSION = 5.0;
				TARGETED_DEVICE_FAMILY = "1,2";
				TEST_TARGET_NAME = IamSnorlax;
			};
			name = Debug;
		};
		F14A220E2540A50300310A13 /* Release */ = {
			isa = XCBuildConfiguration;
			baseConfigurationReference = 42EEE815961E81FA0329E66A /* Pods-IamSnorlax-IamSnorlaxUITests.release.xcconfig */;
			buildSettings = {
				ALWAYS_EMBED_SWIFT_STANDARD_LIBRARIES = "$(inherited)";
				CODE_SIGN_STYLE = Automatic;
				DEVELOPMENT_TEAM = HZ52P73QGM;
				INFOPLIST_FILE = IamSnorlaxUITests/Info.plist;
				LD_RUNPATH_SEARCH_PATHS = (
					"$(inherited)",
					"@executable_path/Frameworks",
					"@loader_path/Frameworks",
				);
				PRODUCT_BUNDLE_IDENTIFIER = dev.digoot.iamsnorlax.IamSnorlaxUITests;
				PRODUCT_NAME = "$(TARGET_NAME)";
				SWIFT_VERSION = 5.0;
				TARGETED_DEVICE_FAMILY = "1,2";
				TEST_TARGET_NAME = IamSnorlax;
			};
			name = Release;
		};
/* End XCBuildConfiguration section */

/* Begin XCConfigurationList section */
		F14A21D72540A50000310A13 /* Build configuration list for PBXProject "IamSnorlax" */ = {
			isa = XCConfigurationList;
			buildConfigurations = (
				F14A22042540A50300310A13 /* Debug */,
				F14A22052540A50300310A13 /* Release */,
			);
			defaultConfigurationIsVisible = 0;
			defaultConfigurationName = Release;
		};
		F14A22062540A50300310A13 /* Build configuration list for PBXNativeTarget "IamSnorlax" */ = {
			isa = XCConfigurationList;
			buildConfigurations = (
				F14A22072540A50300310A13 /* Debug */,
				F14A22082540A50300310A13 /* Release */,
			);
			defaultConfigurationIsVisible = 0;
			defaultConfigurationName = Release;
		};
		F14A22092540A50300310A13 /* Build configuration list for PBXNativeTarget "IamSnorlaxTests" */ = {
			isa = XCConfigurationList;
			buildConfigurations = (
				F14A220A2540A50300310A13 /* Debug */,
				F14A220B2540A50300310A13 /* Release */,
			);
			defaultConfigurationIsVisible = 0;
			defaultConfigurationName = Release;
		};
		F14A220C2540A50300310A13 /* Build configuration list for PBXNativeTarget "IamSnorlaxUITests" */ = {
			isa = XCConfigurationList;
			buildConfigurations = (
				F14A220D2540A50300310A13 /* Debug */,
				F14A220E2540A50300310A13 /* Release */,
			);
			defaultConfigurationIsVisible = 0;
			defaultConfigurationName = Release;
		};
/* End XCConfigurationList section */
	};
	rootObject = F14A21D42540A50000310A13 /* Project object */;
}
